// !$*UTF8*$!
{
	archiveVersion = 1;
	classes = {
	};
	objectVersion = 50;
	objects = {

/* Begin PBXBuildFile section */
		390D5FA62717E01700BFD505 /* main.cpp in Sources */ = {isa = PBXBuildFile; fileRef = 390D5FA52717E01700BFD505 /* main.cpp */; };
		392614102714425500B07E35 /* main.cpp in Sources */ = {isa = PBXBuildFile; fileRef = 3926140F2714425500B07E35 /* main.cpp */; };
		3926141B27144C3100B07E35 /* main.cpp in Sources */ = {isa = PBXBuildFile; fileRef = 3926141A27144C3100B07E35 /* main.cpp */; };
		396FF959270F15D2009B93B5 /* main.cpp in Sources */ = {isa = PBXBuildFile; fileRef = 396FF958270F15D2009B93B5 /* main.cpp */; };
		396FF966270F16A8009B93B5 /* main.cpp in Sources */ = {isa = PBXBuildFile; fileRef = 396FF965270F16A8009B93B5 /* main.cpp */; };
		396FF971270F1816009B93B5 /* main.cpp in Sources */ = {isa = PBXBuildFile; fileRef = 396FF970270F1816009B93B5 /* main.cpp */; };
		396FF97C270F1A04009B93B5 /* main.cpp in Sources */ = {isa = PBXBuildFile; fileRef = 396FF97B270F1A04009B93B5 /* main.cpp */; };
		39921823271D84C8006F1961 /* main.cpp in Sources */ = {isa = PBXBuildFile; fileRef = 39921822271D84C8006F1961 /* main.cpp */; };
		39AE6DBD27106AF400D85201 /* main.cpp in Sources */ = {isa = PBXBuildFile; fileRef = 39AE6DBC27106AF400D85201 /* main.cpp */; };
		39FD28E02718053100679A07 /* main.cpp in Sources */ = {isa = PBXBuildFile; fileRef = 39FD28DF2718053100679A07 /* main.cpp */; };
/* End PBXBuildFile section */

/* Begin PBXCopyFilesBuildPhase section */
		390D5FA12717E01700BFD505 /* CopyFiles */ = {
			isa = PBXCopyFilesBuildPhase;
			buildActionMask = 2147483647;
			dstPath = /usr/share/man/man1/;
			dstSubfolderSpec = 0;
			files = (
			);
			runOnlyForDeploymentPostprocessing = 1;
		};
		3926140B2714425500B07E35 /* CopyFiles */ = {
			isa = PBXCopyFilesBuildPhase;
			buildActionMask = 2147483647;
			dstPath = /usr/share/man/man1/;
			dstSubfolderSpec = 0;
			files = (
			);
			runOnlyForDeploymentPostprocessing = 1;
		};
		3926141627144C3100B07E35 /* CopyFiles */ = {
			isa = PBXCopyFilesBuildPhase;
			buildActionMask = 2147483647;
			dstPath = /usr/share/man/man1/;
			dstSubfolderSpec = 0;
			files = (
			);
			runOnlyForDeploymentPostprocessing = 1;
		};
		396FF953270F15D2009B93B5 /* CopyFiles */ = {
			isa = PBXCopyFilesBuildPhase;
			buildActionMask = 2147483647;
			dstPath = /usr/share/man/man1/;
			dstSubfolderSpec = 0;
			files = (
			);
			runOnlyForDeploymentPostprocessing = 1;
		};
		396FF961270F16A8009B93B5 /* CopyFiles */ = {
			isa = PBXCopyFilesBuildPhase;
			buildActionMask = 2147483647;
			dstPath = /usr/share/man/man1/;
			dstSubfolderSpec = 0;
			files = (
			);
			runOnlyForDeploymentPostprocessing = 1;
		};
		396FF96C270F1816009B93B5 /* CopyFiles */ = {
			isa = PBXCopyFilesBuildPhase;
			buildActionMask = 2147483647;
			dstPath = /usr/share/man/man1/;
			dstSubfolderSpec = 0;
			files = (
			);
			runOnlyForDeploymentPostprocessing = 1;
		};
		396FF977270F1A04009B93B5 /* CopyFiles */ = {
			isa = PBXCopyFilesBuildPhase;
			buildActionMask = 2147483647;
			dstPath = /usr/share/man/man1/;
			dstSubfolderSpec = 0;
			files = (
			);
			runOnlyForDeploymentPostprocessing = 1;
		};
		3992181E271D84C8006F1961 /* CopyFiles */ = {
			isa = PBXCopyFilesBuildPhase;
			buildActionMask = 2147483647;
			dstPath = /usr/share/man/man1/;
			dstSubfolderSpec = 0;
			files = (
			);
			runOnlyForDeploymentPostprocessing = 1;
		};
		39AE6DB827106AF400D85201 /* CopyFiles */ = {
			isa = PBXCopyFilesBuildPhase;
			buildActionMask = 2147483647;
			dstPath = /usr/share/man/man1/;
			dstSubfolderSpec = 0;
			files = (
			);
			runOnlyForDeploymentPostprocessing = 1;
		};
		39FD28DB2718053100679A07 /* CopyFiles */ = {
			isa = PBXCopyFilesBuildPhase;
			buildActionMask = 2147483647;
			dstPath = /usr/share/man/man1/;
			dstSubfolderSpec = 0;
			files = (
			);
			runOnlyForDeploymentPostprocessing = 1;
		};
/* End PBXCopyFilesBuildPhase section */

/* Begin PBXFileReference section */
		390D5FA32717E01700BFD505 /* 5622 */ = {isa = PBXFileReference; explicitFileType = "compiled.mach-o.executable"; includeInIndex = 0; path = 5622; sourceTree = BUILT_PRODUCTS_DIR; };
		390D5FA52717E01700BFD505 /* main.cpp */ = {isa = PBXFileReference; lastKnownFileType = sourcecode.cpp.cpp; path = main.cpp; sourceTree = "<group>"; };
		3926140D2714425500B07E35 /* 1152 */ = {isa = PBXFileReference; explicitFileType = "compiled.mach-o.executable"; includeInIndex = 0; path = 1152; sourceTree = BUILT_PRODUCTS_DIR; };
		3926140F2714425500B07E35 /* main.cpp */ = {isa = PBXFileReference; lastKnownFileType = sourcecode.cpp.cpp; path = main.cpp; sourceTree = "<group>"; };
		3926141827144C3100B07E35 /* 2908 */ = {isa = PBXFileReference; explicitFileType = "compiled.mach-o.executable"; includeInIndex = 0; path = 2908; sourceTree = BUILT_PRODUCTS_DIR; };
		3926141A27144C3100B07E35 /* main.cpp */ = {isa = PBXFileReference; lastKnownFileType = sourcecode.cpp.cpp; path = main.cpp; sourceTree = "<group>"; };
		396FF955270F15D2009B93B5 /* 문자열 */ = {isa = PBXFileReference; explicitFileType = "compiled.mach-o.executable"; includeInIndex = 0; path = "문자열"; sourceTree = BUILT_PRODUCTS_DIR; };
		396FF958270F15D2009B93B5 /* main.cpp */ = {isa = PBXFileReference; lastKnownFileType = sourcecode.cpp.cpp; path = main.cpp; sourceTree = "<group>"; };
		396FF963270F16A8009B93B5 /* 11720 */ = {isa = PBXFileReference; explicitFileType = "compiled.mach-o.executable"; includeInIndex = 0; path = 11720; sourceTree = BUILT_PRODUCTS_DIR; };
		396FF965270F16A8009B93B5 /* main.cpp */ = {isa = PBXFileReference; lastKnownFileType = sourcecode.cpp.cpp; path = main.cpp; sourceTree = "<group>"; };
		396FF96E270F1816009B93B5 /* 10809 */ = {isa = PBXFileReference; explicitFileType = "compiled.mach-o.executable"; includeInIndex = 0; path = 10809; sourceTree = BUILT_PRODUCTS_DIR; };
		396FF970270F1816009B93B5 /* main.cpp */ = {isa = PBXFileReference; lastKnownFileType = sourcecode.cpp.cpp; path = main.cpp; sourceTree = "<group>"; };
		396FF979270F1A04009B93B5 /* 2675 */ = {isa = PBXFileReference; explicitFileType = "compiled.mach-o.executable"; includeInIndex = 0; path = 2675; sourceTree = BUILT_PRODUCTS_DIR; };
		396FF97B270F1A04009B93B5 /* main.cpp */ = {isa = PBXFileReference; lastKnownFileType = sourcecode.cpp.cpp; path = main.cpp; sourceTree = "<group>"; };
		39921820271D84C8006F1961 /* 1316 */ = {isa = PBXFileReference; explicitFileType = "compiled.mach-o.executable"; includeInIndex = 0; path = 1316; sourceTree = BUILT_PRODUCTS_DIR; };
		39921822271D84C8006F1961 /* main.cpp */ = {isa = PBXFileReference; lastKnownFileType = sourcecode.cpp.cpp; path = main.cpp; sourceTree = "<group>"; };
		39AE6DBA27106AF400D85201 /* 1157 */ = {isa = PBXFileReference; explicitFileType = "compiled.mach-o.executable"; includeInIndex = 0; path = 1157; sourceTree = BUILT_PRODUCTS_DIR; };
		39AE6DBC27106AF400D85201 /* main.cpp */ = {isa = PBXFileReference; lastKnownFileType = sourcecode.cpp.cpp; path = main.cpp; sourceTree = "<group>"; };
		39FD28DD2718053100679A07 /* 2941 */ = {isa = PBXFileReference; explicitFileType = "compiled.mach-o.executable"; includeInIndex = 0; path = 2941; sourceTree = BUILT_PRODUCTS_DIR; };
		39FD28DF2718053100679A07 /* main.cpp */ = {isa = PBXFileReference; lastKnownFileType = sourcecode.cpp.cpp; path = main.cpp; sourceTree = "<group>"; };
/* End PBXFileReference section */

/* Begin PBXFrameworksBuildPhase section */
		390D5FA02717E01700BFD505 /* Frameworks */ = {
			isa = PBXFrameworksBuildPhase;
			buildActionMask = 2147483647;
			files = (
			);
			runOnlyForDeploymentPostprocessing = 0;
		};
		3926140A2714425500B07E35 /* Frameworks */ = {
			isa = PBXFrameworksBuildPhase;
			buildActionMask = 2147483647;
			files = (
			);
			runOnlyForDeploymentPostprocessing = 0;
		};
		3926141527144C3100B07E35 /* Frameworks */ = {
			isa = PBXFrameworksBuildPhase;
			buildActionMask = 2147483647;
			files = (
			);
			runOnlyForDeploymentPostprocessing = 0;
		};
		396FF952270F15D2009B93B5 /* Frameworks */ = {
			isa = PBXFrameworksBuildPhase;
			buildActionMask = 2147483647;
			files = (
			);
			runOnlyForDeploymentPostprocessing = 0;
		};
		396FF960270F16A8009B93B5 /* Frameworks */ = {
			isa = PBXFrameworksBuildPhase;
			buildActionMask = 2147483647;
			files = (
			);
			runOnlyForDeploymentPostprocessing = 0;
		};
		396FF96B270F1816009B93B5 /* Frameworks */ = {
			isa = PBXFrameworksBuildPhase;
			buildActionMask = 2147483647;
			files = (
			);
			runOnlyForDeploymentPostprocessing = 0;
		};
		396FF976270F1A04009B93B5 /* Frameworks */ = {
			isa = PBXFrameworksBuildPhase;
			buildActionMask = 2147483647;
			files = (
			);
			runOnlyForDeploymentPostprocessing = 0;
		};
		3992181D271D84C8006F1961 /* Frameworks */ = {
			isa = PBXFrameworksBuildPhase;
			buildActionMask = 2147483647;
			files = (
			);
			runOnlyForDeploymentPostprocessing = 0;
		};
		39AE6DB727106AF400D85201 /* Frameworks */ = {
			isa = PBXFrameworksBuildPhase;
			buildActionMask = 2147483647;
			files = (
			);
			runOnlyForDeploymentPostprocessing = 0;
		};
		39FD28DA2718053100679A07 /* Frameworks */ = {
			isa = PBXFrameworksBuildPhase;
			buildActionMask = 2147483647;
			files = (
			);
			runOnlyForDeploymentPostprocessing = 0;
		};
/* End PBXFrameworksBuildPhase section */

/* Begin PBXGroup section */
		390D5FA42717E01700BFD505 /* 5622 */ = {
			isa = PBXGroup;
			children = (
				390D5FA52717E01700BFD505 /* main.cpp */,
			);
			path = 5622;
			sourceTree = "<group>";
		};
		3926140E2714425500B07E35 /* 1152 */ = {
			isa = PBXGroup;
			children = (
				3926140F2714425500B07E35 /* main.cpp */,
			);
			path = 1152;
			sourceTree = "<group>";
		};
		3926141927144C3100B07E35 /* 2908 */ = {
			isa = PBXGroup;
			children = (
				3926141A27144C3100B07E35 /* main.cpp */,
			);
			path = 2908;
			sourceTree = "<group>";
		};
		396FF94C270F15D2009B93B5 = {
			isa = PBXGroup;
			children = (
				396FF957270F15D2009B93B5 /* 11654 */,
				396FF964270F16A8009B93B5 /* 11720 */,
				396FF96F270F1816009B93B5 /* 10809 */,
				396FF97A270F1A04009B93B5 /* 2675 */,
				39AE6DBB27106AF400D85201 /* 1157 */,
				3926140E2714425500B07E35 /* 1152 */,
				3926141927144C3100B07E35 /* 2908 */,
				390D5FA42717E01700BFD505 /* 5622 */,
				39FD28DE2718053100679A07 /* 2941 */,
				39921821271D84C8006F1961 /* 1316 */,
				396FF956270F15D2009B93B5 /* Products */,
			);
			sourceTree = "<group>";
		};
		396FF956270F15D2009B93B5 /* Products */ = {
			isa = PBXGroup;
			children = (
				396FF955270F15D2009B93B5 /* 문자열 */,
				396FF963270F16A8009B93B5 /* 11720 */,
				396FF96E270F1816009B93B5 /* 10809 */,
				396FF979270F1A04009B93B5 /* 2675 */,
				39AE6DBA27106AF400D85201 /* 1157 */,
				3926140D2714425500B07E35 /* 1152 */,
				3926141827144C3100B07E35 /* 2908 */,
				390D5FA32717E01700BFD505 /* 5622 */,
				39FD28DD2718053100679A07 /* 2941 */,
				39921820271D84C8006F1961 /* 1316 */,
			);
			name = Products;
			sourceTree = "<group>";
		};
		396FF957270F15D2009B93B5 /* 11654 */ = {
			isa = PBXGroup;
			children = (
				396FF958270F15D2009B93B5 /* main.cpp */,
			);
			path = 11654;
			sourceTree = "<group>";
		};
		396FF964270F16A8009B93B5 /* 11720 */ = {
			isa = PBXGroup;
			children = (
				396FF965270F16A8009B93B5 /* main.cpp */,
			);
			path = 11720;
			sourceTree = "<group>";
		};
		396FF96F270F1816009B93B5 /* 10809 */ = {
			isa = PBXGroup;
			children = (
				396FF970270F1816009B93B5 /* main.cpp */,
			);
			path = 10809;
			sourceTree = "<group>";
		};
		396FF97A270F1A04009B93B5 /* 2675 */ = {
			isa = PBXGroup;
			children = (
				396FF97B270F1A04009B93B5 /* main.cpp */,
			);
			path = 2675;
			sourceTree = "<group>";
		};
		39921821271D84C8006F1961 /* 1316 */ = {
			isa = PBXGroup;
			children = (
				39921822271D84C8006F1961 /* main.cpp */,
			);
			path = 1316;
			sourceTree = "<group>";
		};
		39AE6DBB27106AF400D85201 /* 1157 */ = {
			isa = PBXGroup;
			children = (
				39AE6DBC27106AF400D85201 /* main.cpp */,
			);
			path = 1157;
			sourceTree = "<group>";
		};
		39FD28DE2718053100679A07 /* 2941 */ = {
			isa = PBXGroup;
			children = (
				39FD28DF2718053100679A07 /* main.cpp */,
			);
			path = 2941;
			sourceTree = "<group>";
		};
/* End PBXGroup section */

/* Begin PBXNativeTarget section */
		390D5FA22717E01700BFD505 /* 5622 */ = {
			isa = PBXNativeTarget;
			buildConfigurationList = 390D5FA92717E01700BFD505 /* Build configuration list for PBXNativeTarget "5622" */;
			buildPhases = (
				390D5F9F2717E01700BFD505 /* Sources */,
				390D5FA02717E01700BFD505 /* Frameworks */,
				390D5FA12717E01700BFD505 /* CopyFiles */,
			);
			buildRules = (
			);
			dependencies = (
			);
			name = 5622;
			productName = 5622;
			productReference = 390D5FA32717E01700BFD505 /* 5622 */;
			productType = "com.apple.product-type.tool";
		};
		3926140C2714425500B07E35 /* 1152 */ = {
			isa = PBXNativeTarget;
			buildConfigurationList = 392614132714425500B07E35 /* Build configuration list for PBXNativeTarget "1152" */;
			buildPhases = (
				392614092714425500B07E35 /* Sources */,
				3926140A2714425500B07E35 /* Frameworks */,
				3926140B2714425500B07E35 /* CopyFiles */,
			);
			buildRules = (
			);
			dependencies = (
			);
			name = 1152;
			productName = 1152;
			productReference = 3926140D2714425500B07E35 /* 1152 */;
			productType = "com.apple.product-type.tool";
		};
		3926141727144C3100B07E35 /* 2908 */ = {
			isa = PBXNativeTarget;
			buildConfigurationList = 3926141C27144C3100B07E35 /* Build configuration list for PBXNativeTarget "2908" */;
			buildPhases = (
				3926141427144C3100B07E35 /* Sources */,
				3926141527144C3100B07E35 /* Frameworks */,
				3926141627144C3100B07E35 /* CopyFiles */,
			);
			buildRules = (
			);
			dependencies = (
			);
			name = 2908;
			productName = 2908;
			productReference = 3926141827144C3100B07E35 /* 2908 */;
			productType = "com.apple.product-type.tool";
		};
		396FF954270F15D2009B93B5 /* 문자열 */ = {
			isa = PBXNativeTarget;
			buildConfigurationList = 396FF95C270F15D2009B93B5 /* Build configuration list for PBXNativeTarget "문자열" */;
			buildPhases = (
				396FF951270F15D2009B93B5 /* Sources */,
				396FF952270F15D2009B93B5 /* Frameworks */,
				396FF953270F15D2009B93B5 /* CopyFiles */,
			);
			buildRules = (
			);
			dependencies = (
			);
			name = "문자열";
			productName = "문자열";
			productReference = 396FF955270F15D2009B93B5 /* 문자열 */;
			productType = "com.apple.product-type.tool";
		};
		396FF962270F16A8009B93B5 /* 11720 */ = {
			isa = PBXNativeTarget;
			buildConfigurationList = 396FF967270F16A8009B93B5 /* Build configuration list for PBXNativeTarget "11720" */;
			buildPhases = (
				396FF95F270F16A8009B93B5 /* Sources */,
				396FF960270F16A8009B93B5 /* Frameworks */,
				396FF961270F16A8009B93B5 /* CopyFiles */,
			);
			buildRules = (
			);
			dependencies = (
			);
			name = 11720;
			productName = 11720;
			productReference = 396FF963270F16A8009B93B5 /* 11720 */;
			productType = "com.apple.product-type.tool";
		};
		396FF96D270F1816009B93B5 /* 10809 */ = {
			isa = PBXNativeTarget;
			buildConfigurationList = 396FF972270F1816009B93B5 /* Build configuration list for PBXNativeTarget "10809" */;
			buildPhases = (
				396FF96A270F1816009B93B5 /* Sources */,
				396FF96B270F1816009B93B5 /* Frameworks */,
				396FF96C270F1816009B93B5 /* CopyFiles */,
			);
			buildRules = (
			);
			dependencies = (
			);
			name = 10809;
			productName = 10809;
			productReference = 396FF96E270F1816009B93B5 /* 10809 */;
			productType = "com.apple.product-type.tool";
		};
		396FF978270F1A04009B93B5 /* 2675 */ = {
			isa = PBXNativeTarget;
			buildConfigurationList = 396FF97D270F1A04009B93B5 /* Build configuration list for PBXNativeTarget "2675" */;
			buildPhases = (
				396FF975270F1A04009B93B5 /* Sources */,
				396FF976270F1A04009B93B5 /* Frameworks */,
				396FF977270F1A04009B93B5 /* CopyFiles */,
			);
			buildRules = (
			);
			dependencies = (
			);
			name = 2675;
			productName = 2675;
			productReference = 396FF979270F1A04009B93B5 /* 2675 */;
			productType = "com.apple.product-type.tool";
		};
		3992181F271D84C8006F1961 /* 1316 */ = {
			isa = PBXNativeTarget;
			buildConfigurationList = 39921826271D84C8006F1961 /* Build configuration list for PBXNativeTarget "1316" */;
			buildPhases = (
				3992181C271D84C8006F1961 /* Sources */,
				3992181D271D84C8006F1961 /* Frameworks */,
				3992181E271D84C8006F1961 /* CopyFiles */,
			);
			buildRules = (
			);
			dependencies = (
			);
			name = 1316;
			productName = 1316;
			productReference = 39921820271D84C8006F1961 /* 1316 */;
			productType = "com.apple.product-type.tool";
		};
		39AE6DB927106AF400D85201 /* 1157 */ = {
			isa = PBXNativeTarget;
			buildConfigurationList = 39AE6DC027106AF400D85201 /* Build configuration list for PBXNativeTarget "1157" */;
			buildPhases = (
				39AE6DB627106AF400D85201 /* Sources */,
				39AE6DB727106AF400D85201 /* Frameworks */,
				39AE6DB827106AF400D85201 /* CopyFiles */,
			);
			buildRules = (
			);
			dependencies = (
			);
			name = 1157;
			productName = 1157;
			productReference = 39AE6DBA27106AF400D85201 /* 1157 */;
			productType = "com.apple.product-type.tool";
		};
		39FD28DC2718053100679A07 /* 2941 */ = {
			isa = PBXNativeTarget;
			buildConfigurationList = 39FD28E32718053100679A07 /* Build configuration list for PBXNativeTarget "2941" */;
			buildPhases = (
				39FD28D92718053100679A07 /* Sources */,
				39FD28DA2718053100679A07 /* Frameworks */,
				39FD28DB2718053100679A07 /* CopyFiles */,
			);
			buildRules = (
			);
			dependencies = (
			);
			name = 2941;
			productName = 2941;
			productReference = 39FD28DD2718053100679A07 /* 2941 */;
			productType = "com.apple.product-type.tool";
		};
/* End PBXNativeTarget section */

/* Begin PBXProject section */
		396FF94D270F15D2009B93B5 /* Project object */ = {
			isa = PBXProject;
			attributes = {
				LastUpgradeCheck = 1250;
				TargetAttributes = {
					390D5FA22717E01700BFD505 = {
						CreatedOnToolsVersion = 12.5;
					};
					3926140C2714425500B07E35 = {
						CreatedOnToolsVersion = 12.5;
					};
					3926141727144C3100B07E35 = {
						CreatedOnToolsVersion = 12.5;
					};
					396FF954270F15D2009B93B5 = {
						CreatedOnToolsVersion = 12.5;
					};
					396FF962270F16A8009B93B5 = {
						CreatedOnToolsVersion = 12.5;
					};
					396FF96D270F1816009B93B5 = {
						CreatedOnToolsVersion = 12.5;
					};
					396FF978270F1A04009B93B5 = {
						CreatedOnToolsVersion = 12.5;
					};
					3992181F271D84C8006F1961 = {
						CreatedOnToolsVersion = 12.5;
					};
					39AE6DB927106AF400D85201 = {
						CreatedOnToolsVersion = 12.5;
					};
					39FD28DC2718053100679A07 = {
						CreatedOnToolsVersion = 12.5;
					};
				};
			};
			buildConfigurationList = 396FF950270F15D2009B93B5 /* Build configuration list for PBXProject "문자열" */;
			compatibilityVersion = "Xcode 9.3";
			developmentRegion = en;
			hasScannedForEncodings = 0;
			knownRegions = (
				en,
				Base,
			);
			mainGroup = 396FF94C270F15D2009B93B5;
			productRefGroup = 396FF956270F15D2009B93B5 /* Products */;
			projectDirPath = "";
			projectRoot = "";
			targets = (
				396FF954270F15D2009B93B5 /* 문자열 */,
				396FF962270F16A8009B93B5 /* 11720 */,
				396FF96D270F1816009B93B5 /* 10809 */,
				396FF978270F1A04009B93B5 /* 2675 */,
				39AE6DB927106AF400D85201 /* 1157 */,
				3926140C2714425500B07E35 /* 1152 */,
				3926141727144C3100B07E35 /* 2908 */,
				390D5FA22717E01700BFD505 /* 5622 */,
				39FD28DC2718053100679A07 /* 2941 */,
				3992181F271D84C8006F1961 /* 1316 */,
			);
		};
/* End PBXProject section */

/* Begin PBXSourcesBuildPhase section */
		390D5F9F2717E01700BFD505 /* Sources */ = {
			isa = PBXSourcesBuildPhase;
			buildActionMask = 2147483647;
			files = (
				390D5FA62717E01700BFD505 /* main.cpp in Sources */,
			);
			runOnlyForDeploymentPostprocessing = 0;
		};
		392614092714425500B07E35 /* Sources */ = {
			isa = PBXSourcesBuildPhase;
			buildActionMask = 2147483647;
			files = (
				392614102714425500B07E35 /* main.cpp in Sources */,
			);
			runOnlyForDeploymentPostprocessing = 0;
		};
		3926141427144C3100B07E35 /* Sources */ = {
			isa = PBXSourcesBuildPhase;
			buildActionMask = 2147483647;
			files = (
				3926141B27144C3100B07E35 /* main.cpp in Sources */,
			);
			runOnlyForDeploymentPostprocessing = 0;
		};
		396FF951270F15D2009B93B5 /* Sources */ = {
			isa = PBXSourcesBuildPhase;
			buildActionMask = 2147483647;
			files = (
				396FF959270F15D2009B93B5 /* main.cpp in Sources */,
			);
			runOnlyForDeploymentPostprocessing = 0;
		};
		396FF95F270F16A8009B93B5 /* Sources */ = {
			isa = PBXSourcesBuildPhase;
			buildActionMask = 2147483647;
			files = (
				396FF966270F16A8009B93B5 /* main.cpp in Sources */,
			);
			runOnlyForDeploymentPostprocessing = 0;
		};
		396FF96A270F1816009B93B5 /* Sources */ = {
			isa = PBXSourcesBuildPhase;
			buildActionMask = 2147483647;
			files = (
				396FF971270F1816009B93B5 /* main.cpp in Sources */,
			);
			runOnlyForDeploymentPostprocessing = 0;
		};
		396FF975270F1A04009B93B5 /* Sources */ = {
			isa = PBXSourcesBuildPhase;
			buildActionMask = 2147483647;
			files = (
				396FF97C270F1A04009B93B5 /* main.cpp in Sources */,
			);
			runOnlyForDeploymentPostprocessing = 0;
		};
		3992181C271D84C8006F1961 /* Sources */ = {
			isa = PBXSourcesBuildPhase;
			buildActionMask = 2147483647;
			files = (
				39921823271D84C8006F1961 /* main.cpp in Sources */,
			);
			runOnlyForDeploymentPostprocessing = 0;
		};
		39AE6DB627106AF400D85201 /* Sources */ = {
			isa = PBXSourcesBuildPhase;
			buildActionMask = 2147483647;
			files = (
				39AE6DBD27106AF400D85201 /* main.cpp in Sources */,
			);
			runOnlyForDeploymentPostprocessing = 0;
		};
		39FD28D92718053100679A07 /* Sources */ = {
			isa = PBXSourcesBuildPhase;
			buildActionMask = 2147483647;
			files = (
				39FD28E02718053100679A07 /* main.cpp in Sources */,
			);
			runOnlyForDeploymentPostprocessing = 0;
		};
/* End PBXSourcesBuildPhase section */

/* Begin XCBuildConfiguration section */
		390D5FA72717E01700BFD505 /* Debug */ = {
			isa = XCBuildConfiguration;
			buildSettings = {
				CODE_SIGN_STYLE = Automatic;
				DEVELOPMENT_TEAM = 43W9665GVK;
				ENABLE_HARDENED_RUNTIME = YES;
				PRODUCT_NAME = "$(TARGET_NAME)";
			};
			name = Debug;
		};
		390D5FA82717E01700BFD505 /* Release */ = {
			isa = XCBuildConfiguration;
			buildSettings = {
				CODE_SIGN_STYLE = Automatic;
				DEVELOPMENT_TEAM = 43W9665GVK;
				ENABLE_HARDENED_RUNTIME = YES;
				PRODUCT_NAME = "$(TARGET_NAME)";
			};
			name = Release;
		};
		392614112714425500B07E35 /* Debug */ = {
			isa = XCBuildConfiguration;
			buildSettings = {
				CODE_SIGN_STYLE = Automatic;
				DEVELOPMENT_TEAM = 43W9665GVK;
				ENABLE_HARDENED_RUNTIME = YES;
				PRODUCT_NAME = "$(TARGET_NAME)";
			};
			name = Debug;
		};
		392614122714425500B07E35 /* Release */ = {
			isa = XCBuildConfiguration;
			buildSettings = {
				CODE_SIGN_STYLE = Automatic;
				DEVELOPMENT_TEAM = 43W9665GVK;
				ENABLE_HARDENED_RUNTIME = YES;
				PRODUCT_NAME = "$(TARGET_NAME)";
			};
			name = Release;
		};
		3926141D27144C3100B07E35 /* Debug */ = {
			isa = XCBuildConfiguration;
			buildSettings = {
				CODE_SIGN_STYLE = Automatic;
				DEVELOPMENT_TEAM = 43W9665GVK;
				ENABLE_HARDENED_RUNTIME = YES;
				PRODUCT_NAME = "$(TARGET_NAME)";
			};
			name = Debug;
		};
		3926141E27144C3100B07E35 /* Release */ = {
			isa = XCBuildConfiguration;
			buildSettings = {
				CODE_SIGN_STYLE = Automatic;
				DEVELOPMENT_TEAM = 43W9665GVK;
				ENABLE_HARDENED_RUNTIME = YES;
				PRODUCT_NAME = "$(TARGET_NAME)";
			};
			name = Release;
		};
		396FF95A270F15D2009B93B5 /* Debug */ = {
			isa = XCBuildConfiguration;
			buildSettings = {
				ALWAYS_SEARCH_USER_PATHS = NO;
				CLANG_ANALYZER_NONNULL = YES;
				CLANG_ANALYZER_NUMBER_OBJECT_CONVERSION = YES_AGGRESSIVE;
				CLANG_CXX_LANGUAGE_STANDARD = "gnu++14";
				CLANG_CXX_LIBRARY = "libc++";
				CLANG_ENABLE_MODULES = YES;
				CLANG_ENABLE_OBJC_ARC = YES;
				CLANG_ENABLE_OBJC_WEAK = YES;
				CLANG_WARN_BLOCK_CAPTURE_AUTORELEASING = YES;
				CLANG_WARN_BOOL_CONVERSION = YES;
				CLANG_WARN_COMMA = YES;
				CLANG_WARN_CONSTANT_CONVERSION = YES;
				CLANG_WARN_DEPRECATED_OBJC_IMPLEMENTATIONS = YES;
				CLANG_WARN_DIRECT_OBJC_ISA_USAGE = YES_ERROR;
				CLANG_WARN_DOCUMENTATION_COMMENTS = YES;
				CLANG_WARN_EMPTY_BODY = YES;
				CLANG_WARN_ENUM_CONVERSION = YES;
				CLANG_WARN_INFINITE_RECURSION = YES;
				CLANG_WARN_INT_CONVERSION = YES;
				CLANG_WARN_NON_LITERAL_NULL_CONVERSION = YES;
				CLANG_WARN_OBJC_IMPLICIT_RETAIN_SELF = YES;
				CLANG_WARN_OBJC_LITERAL_CONVERSION = YES;
				CLANG_WARN_OBJC_ROOT_CLASS = YES_ERROR;
				CLANG_WARN_QUOTED_INCLUDE_IN_FRAMEWORK_HEADER = YES;
				CLANG_WARN_RANGE_LOOP_ANALYSIS = YES;
				CLANG_WARN_STRICT_PROTOTYPES = YES;
				CLANG_WARN_SUSPICIOUS_MOVE = YES;
				CLANG_WARN_UNGUARDED_AVAILABILITY = YES_AGGRESSIVE;
				CLANG_WARN_UNREACHABLE_CODE = YES;
				CLANG_WARN__DUPLICATE_METHOD_MATCH = YES;
				COPY_PHASE_STRIP = NO;
				DEBUG_INFORMATION_FORMAT = dwarf;
				ENABLE_STRICT_OBJC_MSGSEND = YES;
				ENABLE_TESTABILITY = YES;
				GCC_C_LANGUAGE_STANDARD = gnu11;
				GCC_DYNAMIC_NO_PIC = NO;
				GCC_NO_COMMON_BLOCKS = YES;
				GCC_OPTIMIZATION_LEVEL = 0;
				GCC_PREPROCESSOR_DEFINITIONS = (
					"DEBUG=1",
					"$(inherited)",
				);
				GCC_WARN_64_TO_32_BIT_CONVERSION = YES;
				GCC_WARN_ABOUT_RETURN_TYPE = YES_ERROR;
				GCC_WARN_UNDECLARED_SELECTOR = YES;
				GCC_WARN_UNINITIALIZED_AUTOS = YES_AGGRESSIVE;
				GCC_WARN_UNUSED_FUNCTION = YES;
				GCC_WARN_UNUSED_VARIABLE = YES;
				MACOSX_DEPLOYMENT_TARGET = 11.3;
				MTL_ENABLE_DEBUG_INFO = INCLUDE_SOURCE;
				MTL_FAST_MATH = YES;
				ONLY_ACTIVE_ARCH = YES;
				SDKROOT = macosx;
			};
			name = Debug;
		};
		396FF95B270F15D2009B93B5 /* Release */ = {
			isa = XCBuildConfiguration;
			buildSettings = {
				ALWAYS_SEARCH_USER_PATHS = NO;
				CLANG_ANALYZER_NONNULL = YES;
				CLANG_ANALYZER_NUMBER_OBJECT_CONVERSION = YES_AGGRESSIVE;
				CLANG_CXX_LANGUAGE_STANDARD = "gnu++14";
				CLANG_CXX_LIBRARY = "libc++";
				CLANG_ENABLE_MODULES = YES;
				CLANG_ENABLE_OBJC_ARC = YES;
				CLANG_ENABLE_OBJC_WEAK = YES;
				CLANG_WARN_BLOCK_CAPTURE_AUTORELEASING = YES;
				CLANG_WARN_BOOL_CONVERSION = YES;
				CLANG_WARN_COMMA = YES;
				CLANG_WARN_CONSTANT_CONVERSION = YES;
				CLANG_WARN_DEPRECATED_OBJC_IMPLEMENTATIONS = YES;
				CLANG_WARN_DIRECT_OBJC_ISA_USAGE = YES_ERROR;
				CLANG_WARN_DOCUMENTATION_COMMENTS = YES;
				CLANG_WARN_EMPTY_BODY = YES;
				CLANG_WARN_ENUM_CONVERSION = YES;
				CLANG_WARN_INFINITE_RECURSION = YES;
				CLANG_WARN_INT_CONVERSION = YES;
				CLANG_WARN_NON_LITERAL_NULL_CONVERSION = YES;
				CLANG_WARN_OBJC_IMPLICIT_RETAIN_SELF = YES;
				CLANG_WARN_OBJC_LITERAL_CONVERSION = YES;
				CLANG_WARN_OBJC_ROOT_CLASS = YES_ERROR;
				CLANG_WARN_QUOTED_INCLUDE_IN_FRAMEWORK_HEADER = YES;
				CLANG_WARN_RANGE_LOOP_ANALYSIS = YES;
				CLANG_WARN_STRICT_PROTOTYPES = YES;
				CLANG_WARN_SUSPICIOUS_MOVE = YES;
				CLANG_WARN_UNGUARDED_AVAILABILITY = YES_AGGRESSIVE;
				CLANG_WARN_UNREACHABLE_CODE = YES;
				CLANG_WARN__DUPLICATE_METHOD_MATCH = YES;
				COPY_PHASE_STRIP = NO;
				DEBUG_INFORMATION_FORMAT = "dwarf-with-dsym";
				ENABLE_NS_ASSERTIONS = NO;
				ENABLE_STRICT_OBJC_MSGSEND = YES;
				GCC_C_LANGUAGE_STANDARD = gnu11;
				GCC_NO_COMMON_BLOCKS = YES;
				GCC_WARN_64_TO_32_BIT_CONVERSION = YES;
				GCC_WARN_ABOUT_RETURN_TYPE = YES_ERROR;
				GCC_WARN_UNDECLARED_SELECTOR = YES;
				GCC_WARN_UNINITIALIZED_AUTOS = YES_AGGRESSIVE;
				GCC_WARN_UNUSED_FUNCTION = YES;
				GCC_WARN_UNUSED_VARIABLE = YES;
				MACOSX_DEPLOYMENT_TARGET = 11.3;
				MTL_ENABLE_DEBUG_INFO = NO;
				MTL_FAST_MATH = YES;
				SDKROOT = macosx;
			};
			name = Release;
		};
		396FF95D270F15D2009B93B5 /* Debug */ = {
			isa = XCBuildConfiguration;
			buildSettings = {
				CODE_SIGN_STYLE = Automatic;
				DEVELOPMENT_TEAM = 43W9665GVK;
				ENABLE_HARDENED_RUNTIME = YES;
				PRODUCT_NAME = "$(TARGET_NAME)";
			};
			name = Debug;
		};
		396FF95E270F15D2009B93B5 /* Release */ = {
			isa = XCBuildConfiguration;
			buildSettings = {
				CODE_SIGN_STYLE = Automatic;
				DEVELOPMENT_TEAM = 43W9665GVK;
				ENABLE_HARDENED_RUNTIME = YES;
				PRODUCT_NAME = "$(TARGET_NAME)";
			};
			name = Release;
		};
		396FF968270F16A8009B93B5 /* Debug */ = {
			isa = XCBuildConfiguration;
			buildSettings = {
				CODE_SIGN_STYLE = Automatic;
				DEVELOPMENT_TEAM = 43W9665GVK;
				ENABLE_HARDENED_RUNTIME = YES;
				PRODUCT_NAME = "$(TARGET_NAME)";
			};
			name = Debug;
		};
		396FF969270F16A8009B93B5 /* Release */ = {
			isa = XCBuildConfiguration;
			buildSettings = {
				CODE_SIGN_STYLE = Automatic;
				DEVELOPMENT_TEAM = 43W9665GVK;
				ENABLE_HARDENED_RUNTIME = YES;
				PRODUCT_NAME = "$(TARGET_NAME)";
			};
			name = Release;
		};
		396FF973270F1816009B93B5 /* Debug */ = {
			isa = XCBuildConfiguration;
			buildSettings = {
				CODE_SIGN_STYLE = Automatic;
				DEVELOPMENT_TEAM = 43W9665GVK;
				ENABLE_HARDENED_RUNTIME = YES;
				PRODUCT_NAME = "$(TARGET_NAME)";
			};
			name = Debug;
		};
		396FF974270F1816009B93B5 /* Release */ = {
			isa = XCBuildConfiguration;
			buildSettings = {
				CODE_SIGN_STYLE = Automatic;
				DEVELOPMENT_TEAM = 43W9665GVK;
				ENABLE_HARDENED_RUNTIME = YES;
				PRODUCT_NAME = "$(TARGET_NAME)";
			};
			name = Release;
		};
		396FF97E270F1A04009B93B5 /* Debug */ = {
			isa = XCBuildConfiguration;
			buildSettings = {
				CODE_SIGN_STYLE = Automatic;
				DEVELOPMENT_TEAM = 43W9665GVK;
				ENABLE_HARDENED_RUNTIME = YES;
				PRODUCT_NAME = "$(TARGET_NAME)";
			};
			name = Debug;
		};
		396FF97F270F1A04009B93B5 /* Release */ = {
			isa = XCBuildConfiguration;
			buildSettings = {
				CODE_SIGN_STYLE = Automatic;
				DEVELOPMENT_TEAM = 43W9665GVK;
				ENABLE_HARDENED_RUNTIME = YES;
				PRODUCT_NAME = "$(TARGET_NAME)";
			};
			name = Release;
		};
		39921824271D84C8006F1961 /* Debug */ = {
			isa = XCBuildConfiguration;
			buildSettings = {
				CODE_SIGN_STYLE = Automatic;
				DEVELOPMENT_TEAM = 43W9665GVK;
				ENABLE_HARDENED_RUNTIME = YES;
				PRODUCT_NAME = "$(TARGET_NAME)";
			};
			name = Debug;
		};
		39921825271D84C8006F1961 /* Release */ = {
			isa = XCBuildConfiguration;
			buildSettings = {
				CODE_SIGN_STYLE = Automatic;
				DEVELOPMENT_TEAM = 43W9665GVK;
				ENABLE_HARDENED_RUNTIME = YES;
				PRODUCT_NAME = "$(TARGET_NAME)";
			};
			name = Release;
		};
		39AE6DBE27106AF400D85201 /* Debug */ = {
			isa = XCBuildConfiguration;
			buildSettings = {
				CODE_SIGN_STYLE = Automatic;
				DEVELOPMENT_TEAM = 43W9665GVK;
				ENABLE_HARDENED_RUNTIME = YES;
				PRODUCT_NAME = "$(TARGET_NAME)";
			};
			name = Debug;
		};
		39AE6DBF27106AF400D85201 /* Release */ = {
			isa = XCBuildConfiguration;
			buildSettings = {
				CODE_SIGN_STYLE = Automatic;
				DEVELOPMENT_TEAM = 43W9665GVK;
				ENABLE_HARDENED_RUNTIME = YES;
				PRODUCT_NAME = "$(TARGET_NAME)";
			};
			name = Release;
		};
		39FD28E12718053100679A07 /* Debug */ = {
			isa = XCBuildConfiguration;
			buildSettings = {
				CODE_SIGN_STYLE = Automatic;
				DEVELOPMENT_TEAM = 43W9665GVK;
				ENABLE_HARDENED_RUNTIME = YES;
				PRODUCT_NAME = "$(TARGET_NAME)";
			};
			name = Debug;
		};
		39FD28E22718053100679A07 /* Release */ = {
			isa = XCBuildConfiguration;
			buildSettings = {
				CODE_SIGN_STYLE = Automatic;
				DEVELOPMENT_TEAM = 43W9665GVK;
				ENABLE_HARDENED_RUNTIME = YES;
				PRODUCT_NAME = "$(TARGET_NAME)";
			};
			name = Release;
		};
/* End XCBuildConfiguration section */

/* Begin XCConfigurationList section */
		390D5FA92717E01700BFD505 /* Build configuration list for PBXNativeTarget "5622" */ = {
			isa = XCConfigurationList;
			buildConfigurations = (
				390D5FA72717E01700BFD505 /* Debug */,
				390D5FA82717E01700BFD505 /* Release */,
			);
			defaultConfigurationIsVisible = 0;
			defaultConfigurationName = Release;
		};
		392614132714425500B07E35 /* Build configuration list for PBXNativeTarget "1152" */ = {
			isa = XCConfigurationList;
			buildConfigurations = (
				392614112714425500B07E35 /* Debug */,
				392614122714425500B07E35 /* Release */,
			);
			defaultConfigurationIsVisible = 0;
			defaultConfigurationName = Release;
		};
		3926141C27144C3100B07E35 /* Build configuration list for PBXNativeTarget "2908" */ = {
			isa = XCConfigurationList;
			buildConfigurations = (
				3926141D27144C3100B07E35 /* Debug */,
				3926141E27144C3100B07E35 /* Release */,
			);
			defaultConfigurationIsVisible = 0;
			defaultConfigurationName = Release;
		};
		396FF950270F15D2009B93B5 /* Build configuration list for PBXProject "문자열" */ = {
			isa = XCConfigurationList;
			buildConfigurations = (
				396FF95A270F15D2009B93B5 /* Debug */,
				396FF95B270F15D2009B93B5 /* Release */,
			);
			defaultConfigurationIsVisible = 0;
			defaultConfigurationName = Release;
		};
		396FF95C270F15D2009B93B5 /* Build configuration list for PBXNativeTarget "문자열" */ = {
			isa = XCConfigurationList;
			buildConfigurations = (
				396FF95D270F15D2009B93B5 /* Debug */,
				396FF95E270F15D2009B93B5 /* Release */,
			);
			defaultConfigurationIsVisible = 0;
			defaultConfigurationName = Release;
		};
		396FF967270F16A8009B93B5 /* Build configuration list for PBXNativeTarget "11720" */ = {
			isa = XCConfigurationList;
			buildConfigurations = (
				396FF968270F16A8009B93B5 /* Debug */,
				396FF969270F16A8009B93B5 /* Release */,
			);
			defaultConfigurationIsVisible = 0;
			defaultConfigurationName = Release;
		};
		396FF972270F1816009B93B5 /* Build configuration list for PBXNativeTarget "10809" */ = {
			isa = XCConfigurationList;
			buildConfigurations = (
				396FF973270F1816009B93B5 /* Debug */,
				396FF974270F1816009B93B5 /* Release */,
			);
			defaultConfigurationIsVisible = 0;
			defaultConfigurationName = Release;
		};
		396FF97D270F1A04009B93B5 /* Build configuration list for PBXNativeTarget "2675" */ = {
			isa = XCConfigurationList;
			buildConfigurations = (
				396FF97E270F1A04009B93B5 /* Debug */,
				396FF97F270F1A04009B93B5 /* Release */,
			);
			defaultConfigurationIsVisible = 0;
			defaultConfigurationName = Release;
		};
		39921826271D84C8006F1961 /* Build configuration list for PBXNativeTarget "1316" */ = {
			isa = XCConfigurationList;
			buildConfigurations = (
				39921824271D84C8006F1961 /* Debug */,
				39921825271D84C8006F1961 /* Release */,
			);
			defaultConfigurationIsVisible = 0;
			defaultConfigurationName = Release;
		};
		39AE6DC027106AF400D85201 /* Build configuration list for PBXNativeTarget "1157" */ = {
			isa = XCConfigurationList;
			buildConfigurations = (
				39AE6DBE27106AF400D85201 /* Debug */,
				39AE6DBF27106AF400D85201 /* Release */,
			);
			defaultConfigurationIsVisible = 0;
			defaultConfigurationName = Release;
		};
		39FD28E32718053100679A07 /* Build configuration list for PBXNativeTarget "2941" */ = {
			isa = XCConfigurationList;
			buildConfigurations = (
				39FD28E12718053100679A07 /* Debug */,
				39FD28E22718053100679A07 /* Release */,
			);
			defaultConfigurationIsVisible = 0;
			defaultConfigurationName = Release;
		};
/* End XCConfigurationList section */
	};
	rootObject = 396FF94D270F15D2009B93B5 /* Project object */;
}
