// !$*UTF8*$!
{
	archiveVersion = 1;
	classes = {
	};
	objectVersion = 50;
	objects = {

/* Begin PBXBuildFile section */
		39A381DA2703F928009FF24C /* 10818.cpp in Sources */ = {isa = PBXBuildFile; fileRef = 39A381D92703F928009FF24C /* 10818.cpp */; };
		39A381E72703FDF3009FF24C /* main.cpp in Sources */ = {isa = PBXBuildFile; fileRef = 39A381E62703FDF3009FF24C /* main.cpp */; };
		39A381F2270402C9009FF24C /* main.cpp in Sources */ = {isa = PBXBuildFile; fileRef = 39A381F1270402C9009FF24C /* main.cpp */; };
		39A381FD270405AA009FF24C /* main.cpp in Sources */ = {isa = PBXBuildFile; fileRef = 39A381FC270405AA009FF24C /* main.cpp */; };
		39A38208270408CE009FF24C /* main.cpp in Sources */ = {isa = PBXBuildFile; fileRef = 39A38207270408CE009FF24C /* main.cpp */; };
		39A3821327040B73009FF24C /* main.cpp in Sources */ = {isa = PBXBuildFile; fileRef = 39A3821227040B73009FF24C /* main.cpp */; };
		39E72A03270465BC00CE8EF1 /* main.cpp in Sources */ = {isa = PBXBuildFile; fileRef = 39E72A02270465BC00CE8EF1 /* main.cpp */; };
/* End PBXBuildFile section */

/* Begin PBXCopyFilesBuildPhase section */
		39A381D42703F928009FF24C /* CopyFiles */ = {
			isa = PBXCopyFilesBuildPhase;
			buildActionMask = 2147483647;
			dstPath = /usr/share/man/man1/;
			dstSubfolderSpec = 0;
			files = (
			);
			runOnlyForDeploymentPostprocessing = 1;
		};
		39A381E22703FDF3009FF24C /* CopyFiles */ = {
			isa = PBXCopyFilesBuildPhase;
			buildActionMask = 2147483647;
			dstPath = /usr/share/man/man1/;
			dstSubfolderSpec = 0;
			files = (
			);
			runOnlyForDeploymentPostprocessing = 1;
		};
		39A381ED270402C9009FF24C /* CopyFiles */ = {
			isa = PBXCopyFilesBuildPhase;
			buildActionMask = 2147483647;
			dstPath = /usr/share/man/man1/;
			dstSubfolderSpec = 0;
			files = (
			);
			runOnlyForDeploymentPostprocessing = 1;
		};
		39A381F8270405AA009FF24C /* CopyFiles */ = {
			isa = PBXCopyFilesBuildPhase;
			buildActionMask = 2147483647;
			dstPath = /usr/share/man/man1/;
			dstSubfolderSpec = 0;
			files = (
			);
			runOnlyForDeploymentPostprocessing = 1;
		};
		39A38203270408CE009FF24C /* CopyFiles */ = {
			isa = PBXCopyFilesBuildPhase;
			buildActionMask = 2147483647;
			dstPath = /usr/share/man/man1/;
			dstSubfolderSpec = 0;
			files = (
			);
			runOnlyForDeploymentPostprocessing = 1;
		};
		39A3820E27040B73009FF24C /* CopyFiles */ = {
			isa = PBXCopyFilesBuildPhase;
			buildActionMask = 2147483647;
			dstPath = /usr/share/man/man1/;
			dstSubfolderSpec = 0;
			files = (
			);
			runOnlyForDeploymentPostprocessing = 1;
		};
		39E729FE270465BC00CE8EF1 /* CopyFiles */ = {
			isa = PBXCopyFilesBuildPhase;
			buildActionMask = 2147483647;
			dstPath = /usr/share/man/man1/;
			dstSubfolderSpec = 0;
			files = (
			);
			runOnlyForDeploymentPostprocessing = 1;
		};
/* End PBXCopyFilesBuildPhase section */

/* Begin PBXFileReference section */
		39A381D62703F928009FF24C /* 1차원 배열 */ = {isa = PBXFileReference; explicitFileType = "compiled.mach-o.executable"; includeInIndex = 0; path = "1차원 배열"; sourceTree = BUILT_PRODUCTS_DIR; };
		39A381D92703F928009FF24C /* 10818.cpp */ = {isa = PBXFileReference; lastKnownFileType = sourcecode.cpp.cpp; path = 10818.cpp; sourceTree = "<group>"; };
		39A381E42703FDF3009FF24C /* 2562 */ = {isa = PBXFileReference; explicitFileType = "compiled.mach-o.executable"; includeInIndex = 0; path = 2562; sourceTree = BUILT_PRODUCTS_DIR; };
		39A381E62703FDF3009FF24C /* main.cpp */ = {isa = PBXFileReference; lastKnownFileType = sourcecode.cpp.cpp; path = main.cpp; sourceTree = "<group>"; };
		39A381EF270402C9009FF24C /* 2577 */ = {isa = PBXFileReference; explicitFileType = "compiled.mach-o.executable"; includeInIndex = 0; path = 2577; sourceTree = BUILT_PRODUCTS_DIR; };
		39A381F1270402C9009FF24C /* main.cpp */ = {isa = PBXFileReference; lastKnownFileType = sourcecode.cpp.cpp; path = main.cpp; sourceTree = "<group>"; };
		39A381FA270405AA009FF24C /* 3052 */ = {isa = PBXFileReference; explicitFileType = "compiled.mach-o.executable"; includeInIndex = 0; path = 3052; sourceTree = BUILT_PRODUCTS_DIR; };
		39A381FC270405AA009FF24C /* main.cpp */ = {isa = PBXFileReference; lastKnownFileType = sourcecode.cpp.cpp; path = main.cpp; sourceTree = "<group>"; };
		39A38205270408CE009FF24C /* 1546 */ = {isa = PBXFileReference; explicitFileType = "compiled.mach-o.executable"; includeInIndex = 0; path = 1546; sourceTree = BUILT_PRODUCTS_DIR; };
		39A38207270408CE009FF24C /* main.cpp */ = {isa = PBXFileReference; lastKnownFileType = sourcecode.cpp.cpp; path = main.cpp; sourceTree = "<group>"; };
		39A3821027040B73009FF24C /* 8958 */ = {isa = PBXFileReference; explicitFileType = "compiled.mach-o.executable"; includeInIndex = 0; path = 8958; sourceTree = BUILT_PRODUCTS_DIR; };
		39A3821227040B73009FF24C /* main.cpp */ = {isa = PBXFileReference; lastKnownFileType = sourcecode.cpp.cpp; path = main.cpp; sourceTree = "<group>"; };
		39E72A00270465BC00CE8EF1 /* 4344 */ = {isa = PBXFileReference; explicitFileType = "compiled.mach-o.executable"; includeInIndex = 0; path = 4344; sourceTree = BUILT_PRODUCTS_DIR; };
		39E72A02270465BC00CE8EF1 /* main.cpp */ = {isa = PBXFileReference; lastKnownFileType = sourcecode.cpp.cpp; path = main.cpp; sourceTree = "<group>"; };
/* End PBXFileReference section */

/* Begin PBXFrameworksBuildPhase section */
		39A381D32703F928009FF24C /* Frameworks */ = {
			isa = PBXFrameworksBuildPhase;
			buildActionMask = 2147483647;
			files = (
			);
			runOnlyForDeploymentPostprocessing = 0;
		};
		39A381E12703FDF3009FF24C /* Frameworks */ = {
			isa = PBXFrameworksBuildPhase;
			buildActionMask = 2147483647;
			files = (
			);
			runOnlyForDeploymentPostprocessing = 0;
		};
		39A381EC270402C9009FF24C /* Frameworks */ = {
			isa = PBXFrameworksBuildPhase;
			buildActionMask = 2147483647;
			files = (
			);
			runOnlyForDeploymentPostprocessing = 0;
		};
		39A381F7270405AA009FF24C /* Frameworks */ = {
			isa = PBXFrameworksBuildPhase;
			buildActionMask = 2147483647;
			files = (
			);
			runOnlyForDeploymentPostprocessing = 0;
		};
		39A38202270408CE009FF24C /* Frameworks */ = {
			isa = PBXFrameworksBuildPhase;
			buildActionMask = 2147483647;
			files = (
			);
			runOnlyForDeploymentPostprocessing = 0;
		};
		39A3820D27040B73009FF24C /* Frameworks */ = {
			isa = PBXFrameworksBuildPhase;
			buildActionMask = 2147483647;
			files = (
			);
			runOnlyForDeploymentPostprocessing = 0;
		};
		39E729FD270465BC00CE8EF1 /* Frameworks */ = {
			isa = PBXFrameworksBuildPhase;
			buildActionMask = 2147483647;
			files = (
			);
			runOnlyForDeploymentPostprocessing = 0;
		};
/* End PBXFrameworksBuildPhase section */

/* Begin PBXGroup section */
		39A381CD2703F928009FF24C = {
			isa = PBXGroup;
			children = (
				39A381D82703F928009FF24C /* 1차원 배열 */,
				39A381E52703FDF3009FF24C /* 2562 */,
				39A381F0270402C9009FF24C /* 2577 */,
				39A381FB270405AA009FF24C /* 3052 */,
				39A38206270408CE009FF24C /* 1546 */,
				39A3821127040B73009FF24C /* 8958 */,
				39E72A01270465BC00CE8EF1 /* 4344 */,
				39A381D72703F928009FF24C /* Products */,
			);
			sourceTree = "<group>";
		};
		39A381D72703F928009FF24C /* Products */ = {
			isa = PBXGroup;
			children = (
				39A381D62703F928009FF24C /* 1차원 배열 */,
				39A381E42703FDF3009FF24C /* 2562 */,
				39A381EF270402C9009FF24C /* 2577 */,
				39A381FA270405AA009FF24C /* 3052 */,
				39A38205270408CE009FF24C /* 1546 */,
				39A3821027040B73009FF24C /* 8958 */,
				39E72A00270465BC00CE8EF1 /* 4344 */,
			);
			name = Products;
			sourceTree = "<group>";
		};
		39A381D82703F928009FF24C /* 1차원 배열 */ = {
			isa = PBXGroup;
			children = (
				39A381D92703F928009FF24C /* 10818.cpp */,
			);
			path = "1차원 배열";
			sourceTree = "<group>";
		};
		39A381E52703FDF3009FF24C /* 2562 */ = {
			isa = PBXGroup;
			children = (
				39A381E62703FDF3009FF24C /* main.cpp */,
			);
			path = 2562;
			sourceTree = "<group>";
		};
		39A381F0270402C9009FF24C /* 2577 */ = {
			isa = PBXGroup;
			children = (
				39A381F1270402C9009FF24C /* main.cpp */,
			);
			path = 2577;
			sourceTree = "<group>";
		};
		39A381FB270405AA009FF24C /* 3052 */ = {
			isa = PBXGroup;
			children = (
				39A381FC270405AA009FF24C /* main.cpp */,
			);
			path = 3052;
			sourceTree = "<group>";
		};
		39A38206270408CE009FF24C /* 1546 */ = {
			isa = PBXGroup;
			children = (
				39A38207270408CE009FF24C /* main.cpp */,
			);
			path = 1546;
			sourceTree = "<group>";
		};
		39A3821127040B73009FF24C /* 8958 */ = {
			isa = PBXGroup;
			children = (
				39A3821227040B73009FF24C /* main.cpp */,
			);
			path = 8958;
			sourceTree = "<group>";
		};
		39E72A01270465BC00CE8EF1 /* 4344 */ = {
			isa = PBXGroup;
			children = (
				39E72A02270465BC00CE8EF1 /* main.cpp */,
			);
			path = 4344;
			sourceTree = "<group>";
		};
/* End PBXGroup section */

/* Begin PBXNativeTarget section */
		39A381D52703F928009FF24C /* 1차원 배열 */ = {
			isa = PBXNativeTarget;
			buildConfigurationList = 39A381DD2703F928009FF24C /* Build configuration list for PBXNativeTarget "1차원 배열" */;
			buildPhases = (
				39A381D22703F928009FF24C /* Sources */,
				39A381D32703F928009FF24C /* Frameworks */,
				39A381D42703F928009FF24C /* CopyFiles */,
			);
			buildRules = (
			);
			dependencies = (
			);
			name = "1차원 배열";
			productName = "1차원 배열";
			productReference = 39A381D62703F928009FF24C /* 1차원 배열 */;
			productType = "com.apple.product-type.tool";
		};
		39A381E32703FDF3009FF24C /* 2562 */ = {
			isa = PBXNativeTarget;
			buildConfigurationList = 39A381E82703FDF3009FF24C /* Build configuration list for PBXNativeTarget "2562" */;
			buildPhases = (
				39A381E02703FDF3009FF24C /* Sources */,
				39A381E12703FDF3009FF24C /* Frameworks */,
				39A381E22703FDF3009FF24C /* CopyFiles */,
			);
			buildRules = (
			);
			dependencies = (
			);
			name = 2562;
			productName = 2562;
			productReference = 39A381E42703FDF3009FF24C /* 2562 */;
			productType = "com.apple.product-type.tool";
		};
		39A381EE270402C9009FF24C /* 2577 */ = {
			isa = PBXNativeTarget;
			buildConfigurationList = 39A381F3270402C9009FF24C /* Build configuration list for PBXNativeTarget "2577" */;
			buildPhases = (
				39A381EB270402C9009FF24C /* Sources */,
				39A381EC270402C9009FF24C /* Frameworks */,
				39A381ED270402C9009FF24C /* CopyFiles */,
			);
			buildRules = (
			);
			dependencies = (
			);
			name = 2577;
			productName = 2577;
			productReference = 39A381EF270402C9009FF24C /* 2577 */;
			productType = "com.apple.product-type.tool";
		};
		39A381F9270405AA009FF24C /* 3052 */ = {
			isa = PBXNativeTarget;
			buildConfigurationList = 39A381FE270405AA009FF24C /* Build configuration list for PBXNativeTarget "3052" */;
			buildPhases = (
				39A381F6270405AA009FF24C /* Sources */,
				39A381F7270405AA009FF24C /* Frameworks */,
				39A381F8270405AA009FF24C /* CopyFiles */,
			);
			buildRules = (
			);
			dependencies = (
			);
			name = 3052;
			productName = 3052;
			productReference = 39A381FA270405AA009FF24C /* 3052 */;
			productType = "com.apple.product-type.tool";
		};
		39A38204270408CE009FF24C /* 1546 */ = {
			isa = PBXNativeTarget;
			buildConfigurationList = 39A38209270408CE009FF24C /* Build configuration list for PBXNativeTarget "1546" */;
			buildPhases = (
				39A38201270408CE009FF24C /* Sources */,
				39A38202270408CE009FF24C /* Frameworks */,
				39A38203270408CE009FF24C /* CopyFiles */,
			);
			buildRules = (
			);
			dependencies = (
			);
			name = 1546;
			productName = 1546;
			productReference = 39A38205270408CE009FF24C /* 1546 */;
			productType = "com.apple.product-type.tool";
		};
		39A3820F27040B73009FF24C /* 8958 */ = {
			isa = PBXNativeTarget;
			buildConfigurationList = 39A3821427040B73009FF24C /* Build configuration list for PBXNativeTarget "8958" */;
			buildPhases = (
				39A3820C27040B73009FF24C /* Sources */,
				39A3820D27040B73009FF24C /* Frameworks */,
				39A3820E27040B73009FF24C /* CopyFiles */,
			);
			buildRules = (
			);
			dependencies = (
			);
			name = 8958;
			productName = 8958;
			productReference = 39A3821027040B73009FF24C /* 8958 */;
			productType = "com.apple.product-type.tool";
		};
		39E729FF270465BC00CE8EF1 /* 4344 */ = {
			isa = PBXNativeTarget;
			buildConfigurationList = 39E72A06270465BC00CE8EF1 /* Build configuration list for PBXNativeTarget "4344" */;
			buildPhases = (
				39E729FC270465BC00CE8EF1 /* Sources */,
				39E729FD270465BC00CE8EF1 /* Frameworks */,
				39E729FE270465BC00CE8EF1 /* CopyFiles */,
			);
			buildRules = (
			);
			dependencies = (
			);
			name = 4344;
			productName = 4344;
			productReference = 39E72A00270465BC00CE8EF1 /* 4344 */;
			productType = "com.apple.product-type.tool";
		};
/* End PBXNativeTarget section */

/* Begin PBXProject section */
		39A381CE2703F928009FF24C /* Project object */ = {
			isa = PBXProject;
			attributes = {
				LastUpgradeCheck = 1250;
				TargetAttributes = {
					39A381D52703F928009FF24C = {
						CreatedOnToolsVersion = 12.5;
					};
					39A381E32703FDF3009FF24C = {
						CreatedOnToolsVersion = 12.5;
					};
					39A381EE270402C9009FF24C = {
						CreatedOnToolsVersion = 12.5;
					};
					39A381F9270405AA009FF24C = {
						CreatedOnToolsVersion = 12.5;
					};
					39A38204270408CE009FF24C = {
						CreatedOnToolsVersion = 12.5;
					};
					39A3820F27040B73009FF24C = {
						CreatedOnToolsVersion = 12.5;
					};
					39E729FF270465BC00CE8EF1 = {
						CreatedOnToolsVersion = 12.5;
					};
				};
			};
			buildConfigurationList = 39A381D12703F928009FF24C /* Build configuration list for PBXProject "1차원 배열" */;
			compatibilityVersion = "Xcode 9.3";
			developmentRegion = en;
			hasScannedForEncodings = 0;
			knownRegions = (
				en,
				Base,
			);
			mainGroup = 39A381CD2703F928009FF24C;
			productRefGroup = 39A381D72703F928009FF24C /* Products */;
			projectDirPath = "";
			projectRoot = "";
			targets = (
				39A381D52703F928009FF24C /* 1차원 배열 */,
				39A381E32703FDF3009FF24C /* 2562 */,
				39A381EE270402C9009FF24C /* 2577 */,
				39A381F9270405AA009FF24C /* 3052 */,
				39A38204270408CE009FF24C /* 1546 */,
				39A3820F27040B73009FF24C /* 8958 */,
				39E729FF270465BC00CE8EF1 /* 4344 */,
			);
		};
/* End PBXProject section */

/* Begin PBXSourcesBuildPhase section */
		39A381D22703F928009FF24C /* Sources */ = {
			isa = PBXSourcesBuildPhase;
			buildActionMask = 2147483647;
			files = (
				39A381DA2703F928009FF24C /* 10818.cpp in Sources */,
			);
			runOnlyForDeploymentPostprocessing = 0;
		};
		39A381E02703FDF3009FF24C /* Sources */ = {
			isa = PBXSourcesBuildPhase;
			buildActionMask = 2147483647;
			files = (
				39A381E72703FDF3009FF24C /* main.cpp in Sources */,
			);
			runOnlyForDeploymentPostprocessing = 0;
		};
		39A381EB270402C9009FF24C /* Sources */ = {
			isa = PBXSourcesBuildPhase;
			buildActionMask = 2147483647;
			files = (
				39A381F2270402C9009FF24C /* main.cpp in Sources */,
			);
			runOnlyForDeploymentPostprocessing = 0;
		};
		39A381F6270405AA009FF24C /* Sources */ = {
			isa = PBXSourcesBuildPhase;
			buildActionMask = 2147483647;
			files = (
				39A381FD270405AA009FF24C /* main.cpp in Sources */,
			);
			runOnlyForDeploymentPostprocessing = 0;
		};
		39A38201270408CE009FF24C /* Sources */ = {
			isa = PBXSourcesBuildPhase;
			buildActionMask = 2147483647;
			files = (
				39A38208270408CE009FF24C /* main.cpp in Sources */,
			);
			runOnlyForDeploymentPostprocessing = 0;
		};
		39A3820C27040B73009FF24C /* Sources */ = {
			isa = PBXSourcesBuildPhase;
			buildActionMask = 2147483647;
			files = (
				39A3821327040B73009FF24C /* main.cpp in Sources */,
			);
			runOnlyForDeploymentPostprocessing = 0;
		};
		39E729FC270465BC00CE8EF1 /* Sources */ = {
			isa = PBXSourcesBuildPhase;
			buildActionMask = 2147483647;
			files = (
				39E72A03270465BC00CE8EF1 /* main.cpp in Sources */,
			);
			runOnlyForDeploymentPostprocessing = 0;
		};
/* End PBXSourcesBuildPhase section */

/* Begin XCBuildConfiguration section */
		39A381DB2703F928009FF24C /* Debug */ = {
			isa = XCBuildConfiguration;
			buildSettings = {
				ALWAYS_SEARCH_USER_PATHS = NO;
				CLANG_ANALYZER_NONNULL = YES;
				CLANG_ANALYZER_NUMBER_OBJECT_CONVERSION = YES_AGGRESSIVE;
				CLANG_CXX_LANGUAGE_STANDARD = "gnu++14";
				CLANG_CXX_LIBRARY = "libc++";
				CLANG_ENABLE_MODULES = YES;
				CLANG_ENABLE_OBJC_ARC = YES;
				CLANG_ENABLE_OBJC_WEAK = YES;
				CLANG_WARN_BLOCK_CAPTURE_AUTORELEASING = YES;
				CLANG_WARN_BOOL_CONVERSION = YES;
				CLANG_WARN_COMMA = YES;
				CLANG_WARN_CONSTANT_CONVERSION = YES;
				CLANG_WARN_DEPRECATED_OBJC_IMPLEMENTATIONS = YES;
				CLANG_WARN_DIRECT_OBJC_ISA_USAGE = YES_ERROR;
				CLANG_WARN_DOCUMENTATION_COMMENTS = YES;
				CLANG_WARN_EMPTY_BODY = YES;
				CLANG_WARN_ENUM_CONVERSION = YES;
				CLANG_WARN_INFINITE_RECURSION = YES;
				CLANG_WARN_INT_CONVERSION = YES;
				CLANG_WARN_NON_LITERAL_NULL_CONVERSION = YES;
				CLANG_WARN_OBJC_IMPLICIT_RETAIN_SELF = YES;
				CLANG_WARN_OBJC_LITERAL_CONVERSION = YES;
				CLANG_WARN_OBJC_ROOT_CLASS = YES_ERROR;
				CLANG_WARN_QUOTED_INCLUDE_IN_FRAMEWORK_HEADER = YES;
				CLANG_WARN_RANGE_LOOP_ANALYSIS = YES;
				CLANG_WARN_STRICT_PROTOTYPES = YES;
				CLANG_WARN_SUSPICIOUS_MOVE = YES;
				CLANG_WARN_UNGUARDED_AVAILABILITY = YES_AGGRESSIVE;
				CLANG_WARN_UNREACHABLE_CODE = YES;
				CLANG_WARN__DUPLICATE_METHOD_MATCH = YES;
				COPY_PHASE_STRIP = NO;
				DEBUG_INFORMATION_FORMAT = dwarf;
				ENABLE_STRICT_OBJC_MSGSEND = YES;
				ENABLE_TESTABILITY = YES;
				GCC_C_LANGUAGE_STANDARD = gnu11;
				GCC_DYNAMIC_NO_PIC = NO;
				GCC_NO_COMMON_BLOCKS = YES;
				GCC_OPTIMIZATION_LEVEL = 0;
				GCC_PREPROCESSOR_DEFINITIONS = (
					"DEBUG=1",
					"$(inherited)",
				);
				GCC_WARN_64_TO_32_BIT_CONVERSION = YES;
				GCC_WARN_ABOUT_RETURN_TYPE = YES_ERROR;
				GCC_WARN_UNDECLARED_SELECTOR = YES;
				GCC_WARN_UNINITIALIZED_AUTOS = YES_AGGRESSIVE;
				GCC_WARN_UNUSED_FUNCTION = YES;
				GCC_WARN_UNUSED_VARIABLE = YES;
				MACOSX_DEPLOYMENT_TARGET = 11.3;
				MTL_ENABLE_DEBUG_INFO = INCLUDE_SOURCE;
				MTL_FAST_MATH = YES;
				ONLY_ACTIVE_ARCH = YES;
				SDKROOT = macosx;
			};
			name = Debug;
		};
		39A381DC2703F928009FF24C /* Release */ = {
			isa = XCBuildConfiguration;
			buildSettings = {
				ALWAYS_SEARCH_USER_PATHS = NO;
				CLANG_ANALYZER_NONNULL = YES;
				CLANG_ANALYZER_NUMBER_OBJECT_CONVERSION = YES_AGGRESSIVE;
				CLANG_CXX_LANGUAGE_STANDARD = "gnu++14";
				CLANG_CXX_LIBRARY = "libc++";
				CLANG_ENABLE_MODULES = YES;
				CLANG_ENABLE_OBJC_ARC = YES;
				CLANG_ENABLE_OBJC_WEAK = YES;
				CLANG_WARN_BLOCK_CAPTURE_AUTORELEASING = YES;
				CLANG_WARN_BOOL_CONVERSION = YES;
				CLANG_WARN_COMMA = YES;
				CLANG_WARN_CONSTANT_CONVERSION = YES;
				CLANG_WARN_DEPRECATED_OBJC_IMPLEMENTATIONS = YES;
				CLANG_WARN_DIRECT_OBJC_ISA_USAGE = YES_ERROR;
				CLANG_WARN_DOCUMENTATION_COMMENTS = YES;
				CLANG_WARN_EMPTY_BODY = YES;
				CLANG_WARN_ENUM_CONVERSION = YES;
				CLANG_WARN_INFINITE_RECURSION = YES;
				CLANG_WARN_INT_CONVERSION = YES;
				CLANG_WARN_NON_LITERAL_NULL_CONVERSION = YES;
				CLANG_WARN_OBJC_IMPLICIT_RETAIN_SELF = YES;
				CLANG_WARN_OBJC_LITERAL_CONVERSION = YES;
				CLANG_WARN_OBJC_ROOT_CLASS = YES_ERROR;
				CLANG_WARN_QUOTED_INCLUDE_IN_FRAMEWORK_HEADER = YES;
				CLANG_WARN_RANGE_LOOP_ANALYSIS = YES;
				CLANG_WARN_STRICT_PROTOTYPES = YES;
				CLANG_WARN_SUSPICIOUS_MOVE = YES;
				CLANG_WARN_UNGUARDED_AVAILABILITY = YES_AGGRESSIVE;
				CLANG_WARN_UNREACHABLE_CODE = YES;
				CLANG_WARN__DUPLICATE_METHOD_MATCH = YES;
				COPY_PHASE_STRIP = NO;
				DEBUG_INFORMATION_FORMAT = "dwarf-with-dsym";
				ENABLE_NS_ASSERTIONS = NO;
				ENABLE_STRICT_OBJC_MSGSEND = YES;
				GCC_C_LANGUAGE_STANDARD = gnu11;
				GCC_NO_COMMON_BLOCKS = YES;
				GCC_WARN_64_TO_32_BIT_CONVERSION = YES;
				GCC_WARN_ABOUT_RETURN_TYPE = YES_ERROR;
				GCC_WARN_UNDECLARED_SELECTOR = YES;
				GCC_WARN_UNINITIALIZED_AUTOS = YES_AGGRESSIVE;
				GCC_WARN_UNUSED_FUNCTION = YES;
				GCC_WARN_UNUSED_VARIABLE = YES;
				MACOSX_DEPLOYMENT_TARGET = 11.3;
				MTL_ENABLE_DEBUG_INFO = NO;
				MTL_FAST_MATH = YES;
				SDKROOT = macosx;
			};
			name = Release;
		};
		39A381DE2703F928009FF24C /* Debug */ = {
			isa = XCBuildConfiguration;
			buildSettings = {
				CODE_SIGN_STYLE = Automatic;
				DEVELOPMENT_TEAM = 43W9665GVK;
				ENABLE_HARDENED_RUNTIME = YES;
				PRODUCT_NAME = "$(TARGET_NAME)";
			};
			name = Debug;
		};
		39A381DF2703F928009FF24C /* Release */ = {
			isa = XCBuildConfiguration;
			buildSettings = {
				CODE_SIGN_STYLE = Automatic;
				DEVELOPMENT_TEAM = 43W9665GVK;
				ENABLE_HARDENED_RUNTIME = YES;
				PRODUCT_NAME = "$(TARGET_NAME)";
			};
			name = Release;
		};
		39A381E92703FDF3009FF24C /* Debug */ = {
			isa = XCBuildConfiguration;
			buildSettings = {
				CODE_SIGN_STYLE = Automatic;
				DEVELOPMENT_TEAM = 43W9665GVK;
				ENABLE_HARDENED_RUNTIME = YES;
				PRODUCT_NAME = "$(TARGET_NAME)";
			};
			name = Debug;
		};
		39A381EA2703FDF3009FF24C /* Release */ = {
			isa = XCBuildConfiguration;
			buildSettings = {
				CODE_SIGN_STYLE = Automatic;
				DEVELOPMENT_TEAM = 43W9665GVK;
				ENABLE_HARDENED_RUNTIME = YES;
				PRODUCT_NAME = "$(TARGET_NAME)";
			};
			name = Release;
		};
		39A381F4270402C9009FF24C /* Debug */ = {
			isa = XCBuildConfiguration;
			buildSettings = {
				CODE_SIGN_STYLE = Automatic;
				DEVELOPMENT_TEAM = 43W9665GVK;
				ENABLE_HARDENED_RUNTIME = YES;
				PRODUCT_NAME = "$(TARGET_NAME)";
			};
			name = Debug;
		};
		39A381F5270402C9009FF24C /* Release */ = {
			isa = XCBuildConfiguration;
			buildSettings = {
				CODE_SIGN_STYLE = Automatic;
				DEVELOPMENT_TEAM = 43W9665GVK;
				ENABLE_HARDENED_RUNTIME = YES;
				PRODUCT_NAME = "$(TARGET_NAME)";
			};
			name = Release;
		};
		39A381FF270405AA009FF24C /* Debug */ = {
			isa = XCBuildConfiguration;
			buildSettings = {
				CODE_SIGN_STYLE = Automatic;
				DEVELOPMENT_TEAM = 43W9665GVK;
				ENABLE_HARDENED_RUNTIME = YES;
				PRODUCT_NAME = "$(TARGET_NAME)";
			};
			name = Debug;
		};
		39A38200270405AA009FF24C /* Release */ = {
			isa = XCBuildConfiguration;
			buildSettings = {
				CODE_SIGN_STYLE = Automatic;
				DEVELOPMENT_TEAM = 43W9665GVK;
				ENABLE_HARDENED_RUNTIME = YES;
				PRODUCT_NAME = "$(TARGET_NAME)";
			};
			name = Release;
		};
		39A3820A270408CE009FF24C /* Debug */ = {
			isa = XCBuildConfiguration;
			buildSettings = {
				CODE_SIGN_STYLE = Automatic;
				DEVELOPMENT_TEAM = 43W9665GVK;
				ENABLE_HARDENED_RUNTIME = YES;
				PRODUCT_NAME = "$(TARGET_NAME)";
			};
			name = Debug;
		};
		39A3820B270408CE009FF24C /* Release */ = {
			isa = XCBuildConfiguration;
			buildSettings = {
				CODE_SIGN_STYLE = Automatic;
				DEVELOPMENT_TEAM = 43W9665GVK;
				ENABLE_HARDENED_RUNTIME = YES;
				PRODUCT_NAME = "$(TARGET_NAME)";
			};
			name = Release;
		};
		39A3821527040B73009FF24C /* Debug */ = {
			isa = XCBuildConfiguration;
			buildSettings = {
				CODE_SIGN_STYLE = Automatic;
				DEVELOPMENT_TEAM = 43W9665GVK;
				ENABLE_HARDENED_RUNTIME = YES;
				PRODUCT_NAME = "$(TARGET_NAME)";
			};
			name = Debug;
		};
		39A3821627040B73009FF24C /* Release */ = {
			isa = XCBuildConfiguration;
			buildSettings = {
				CODE_SIGN_STYLE = Automatic;
				DEVELOPMENT_TEAM = 43W9665GVK;
				ENABLE_HARDENED_RUNTIME = YES;
				PRODUCT_NAME = "$(TARGET_NAME)";
			};
			name = Release;
		};
		39E72A04270465BC00CE8EF1 /* Debug */ = {
			isa = XCBuildConfiguration;
			buildSettings = {
				CODE_SIGN_STYLE = Automatic;
				DEVELOPMENT_TEAM = 43W9665GVK;
				ENABLE_HARDENED_RUNTIME = YES;
				PRODUCT_NAME = "$(TARGET_NAME)";
			};
			name = Debug;
		};
		39E72A05270465BC00CE8EF1 /* Release */ = {
			isa = XCBuildConfiguration;
			buildSettings = {
				CODE_SIGN_STYLE = Automatic;
				DEVELOPMENT_TEAM = 43W9665GVK;
				ENABLE_HARDENED_RUNTIME = YES;
				PRODUCT_NAME = "$(TARGET_NAME)";
			};
			name = Release;
		};
/* End XCBuildConfiguration section */

/* Begin XCConfigurationList section */
		39A381D12703F928009FF24C /* Build configuration list for PBXProject "1차원 배열" */ = {
			isa = XCConfigurationList;
			buildConfigurations = (
				39A381DB2703F928009FF24C /* Debug */,
				39A381DC2703F928009FF24C /* Release */,
			);
			defaultConfigurationIsVisible = 0;
			defaultConfigurationName = Release;
		};
		39A381DD2703F928009FF24C /* Build configuration list for PBXNativeTarget "1차원 배열" */ = {
			isa = XCConfigurationList;
			buildConfigurations = (
				39A381DE2703F928009FF24C /* Debug */,
				39A381DF2703F928009FF24C /* Release */,
			);
			defaultConfigurationIsVisible = 0;
			defaultConfigurationName = Release;
		};
		39A381E82703FDF3009FF24C /* Build configuration list for PBXNativeTarget "2562" */ = {
			isa = XCConfigurationList;
			buildConfigurations = (
				39A381E92703FDF3009FF24C /* Debug */,
				39A381EA2703FDF3009FF24C /* Release */,
			);
			defaultConfigurationIsVisible = 0;
			defaultConfigurationName = Release;
		};
		39A381F3270402C9009FF24C /* Build configuration list for PBXNativeTarget "2577" */ = {
			isa = XCConfigurationList;
			buildConfigurations = (
				39A381F4270402C9009FF24C /* Debug */,
				39A381F5270402C9009FF24C /* Release */,
			);
			defaultConfigurationIsVisible = 0;
			defaultConfigurationName = Release;
		};
		39A381FE270405AA009FF24C /* Build configuration list for PBXNativeTarget "3052" */ = {
			isa = XCConfigurationList;
			buildConfigurations = (
				39A381FF270405AA009FF24C /* Debug */,
				39A38200270405AA009FF24C /* Release */,
			);
			defaultConfigurationIsVisible = 0;
			defaultConfigurationName = Release;
		};
		39A38209270408CE009FF24C /* Build configuration list for PBXNativeTarget "1546" */ = {
			isa = XCConfigurationList;
			buildConfigurations = (
				39A3820A270408CE009FF24C /* Debug */,
				39A3820B270408CE009FF24C /* Release */,
			);
			defaultConfigurationIsVisible = 0;
			defaultConfigurationName = Release;
		};
		39A3821427040B73009FF24C /* Build configuration list for PBXNativeTarget "8958" */ = {
			isa = XCConfigurationList;
			buildConfigurations = (
				39A3821527040B73009FF24C /* Debug */,
				39A3821627040B73009FF24C /* Release */,
			);
			defaultConfigurationIsVisible = 0;
			defaultConfigurationName = Release;
		};
		39E72A06270465BC00CE8EF1 /* Build configuration list for PBXNativeTarget "4344" */ = {
			isa = XCConfigurationList;
			buildConfigurations = (
				39E72A04270465BC00CE8EF1 /* Debug */,
				39E72A05270465BC00CE8EF1 /* Release */,
			);
			defaultConfigurationIsVisible = 0;
			defaultConfigurationName = Release;
		};
/* End XCConfigurationList section */
	};
	rootObject = 39A381CE2703F928009FF24C /* Project object */;
}
