// !$*UTF8*$!
{
	archiveVersion = 1;
	classes = {
	};
	objectVersion = 50;
	objects = {

/* Begin PBXBuildFile section */
		3915AC1D2706AE87006EF48E /* main.cpp in Sources */ = {isa = PBXBuildFile; fileRef = 3915AC1C2706AE87006EF48E /* main.cpp */; };
		39E72A142705BC1700CE8EF1 /* main.cpp in Sources */ = {isa = PBXBuildFile; fileRef = 39E72A132705BC1700CE8EF1 /* main.cpp */; };
		39F23F74270C6797008869A3 /* main.cpp in Sources */ = {isa = PBXBuildFile; fileRef = 39F23F73270C6797008869A3 /* main.cpp */; };
/* End PBXBuildFile section */

/* Begin PBXCopyFilesBuildPhase section */
		3915AC182706AE87006EF48E /* CopyFiles */ = {
			isa = PBXCopyFilesBuildPhase;
			buildActionMask = 2147483647;
			dstPath = /usr/share/man/man1/;
			dstSubfolderSpec = 0;
			files = (
			);
			runOnlyForDeploymentPostprocessing = 1;
		};
		39E72A0E2705BC1700CE8EF1 /* CopyFiles */ = {
			isa = PBXCopyFilesBuildPhase;
			buildActionMask = 2147483647;
			dstPath = /usr/share/man/man1/;
			dstSubfolderSpec = 0;
			files = (
			);
			runOnlyForDeploymentPostprocessing = 1;
		};
		39F23F6F270C6797008869A3 /* CopyFiles */ = {
			isa = PBXCopyFilesBuildPhase;
			buildActionMask = 2147483647;
			dstPath = /usr/share/man/man1/;
			dstSubfolderSpec = 0;
			files = (
			);
			runOnlyForDeploymentPostprocessing = 1;
		};
/* End PBXCopyFilesBuildPhase section */

/* Begin PBXFileReference section */
		3915AC1A2706AE87006EF48E /* 4673 */ = {isa = PBXFileReference; explicitFileType = "compiled.mach-o.executable"; includeInIndex = 0; path = 4673; sourceTree = BUILT_PRODUCTS_DIR; };
		3915AC1C2706AE87006EF48E /* main.cpp */ = {isa = PBXFileReference; lastKnownFileType = sourcecode.cpp.cpp; path = main.cpp; sourceTree = "<group>"; };
		39E72A102705BC1700CE8EF1 /* 함수 */ = {isa = PBXFileReference; explicitFileType = "compiled.mach-o.executable"; includeInIndex = 0; path = "함수"; sourceTree = BUILT_PRODUCTS_DIR; };
		39E72A132705BC1700CE8EF1 /* main.cpp */ = {isa = PBXFileReference; lastKnownFileType = sourcecode.cpp.cpp; path = main.cpp; sourceTree = "<group>"; };
		39F23F71270C6797008869A3 /* 1065 */ = {isa = PBXFileReference; explicitFileType = "compiled.mach-o.executable"; includeInIndex = 0; path = 1065; sourceTree = BUILT_PRODUCTS_DIR; };
		39F23F73270C6797008869A3 /* main.cpp */ = {isa = PBXFileReference; lastKnownFileType = sourcecode.cpp.cpp; path = main.cpp; sourceTree = "<group>"; };
/* End PBXFileReference section */

/* Begin PBXFrameworksBuildPhase section */
		3915AC172706AE87006EF48E /* Frameworks */ = {
			isa = PBXFrameworksBuildPhase;
			buildActionMask = 2147483647;
			files = (
			);
			runOnlyForDeploymentPostprocessing = 0;
		};
		39E72A0D2705BC1700CE8EF1 /* Frameworks */ = {
			isa = PBXFrameworksBuildPhase;
			buildActionMask = 2147483647;
			files = (
			);
			runOnlyForDeploymentPostprocessing = 0;
		};
		39F23F6E270C6797008869A3 /* Frameworks */ = {
			isa = PBXFrameworksBuildPhase;
			buildActionMask = 2147483647;
			files = (
			);
			runOnlyForDeploymentPostprocessing = 0;
		};
/* End PBXFrameworksBuildPhase section */

/* Begin PBXGroup section */
		3915AC1B2706AE87006EF48E /* 4673 */ = {
			isa = PBXGroup;
			children = (
				3915AC1C2706AE87006EF48E /* main.cpp */,
			);
			path = 4673;
			sourceTree = "<group>";
		};
		39E72A072705BC1700CE8EF1 = {
			isa = PBXGroup;
			children = (
				39E72A122705BC1700CE8EF1 /* 15596 */,
				3915AC1B2706AE87006EF48E /* 4673 */,
				39F23F72270C6797008869A3 /* 1065 */,
				39E72A112705BC1700CE8EF1 /* Products */,
			);
			sourceTree = "<group>";
		};
		39E72A112705BC1700CE8EF1 /* Products */ = {
			isa = PBXGroup;
			children = (
				39E72A102705BC1700CE8EF1 /* 함수 */,
				3915AC1A2706AE87006EF48E /* 4673 */,
				39F23F71270C6797008869A3 /* 1065 */,
			);
			name = Products;
			sourceTree = "<group>";
		};
		39E72A122705BC1700CE8EF1 /* 15596 */ = {
			isa = PBXGroup;
			children = (
				39E72A132705BC1700CE8EF1 /* main.cpp */,
			);
			path = 15596;
			sourceTree = "<group>";
		};
		39F23F72270C6797008869A3 /* 1065 */ = {
			isa = PBXGroup;
			children = (
				39F23F73270C6797008869A3 /* main.cpp */,
			);
			path = 1065;
			sourceTree = "<group>";
		};
/* End PBXGroup section */

/* Begin PBXNativeTarget section */
		3915AC192706AE87006EF48E /* 4673 */ = {
			isa = PBXNativeTarget;
			buildConfigurationList = 3915AC202706AE87006EF48E /* Build configuration list for PBXNativeTarget "4673" */;
			buildPhases = (
				3915AC162706AE87006EF48E /* Sources */,
				3915AC172706AE87006EF48E /* Frameworks */,
				3915AC182706AE87006EF48E /* CopyFiles */,
			);
			buildRules = (
			);
			dependencies = (
			);
			name = 4673;
			productName = 4673;
			productReference = 3915AC1A2706AE87006EF48E /* 4673 */;
			productType = "com.apple.product-type.tool";
		};
		39E72A0F2705BC1700CE8EF1 /* 함수 */ = {
			isa = PBXNativeTarget;
			buildConfigurationList = 39E72A172705BC1700CE8EF1 /* Build configuration list for PBXNativeTarget "함수" */;
			buildPhases = (
				39E72A0C2705BC1700CE8EF1 /* Sources */,
				39E72A0D2705BC1700CE8EF1 /* Frameworks */,
				39E72A0E2705BC1700CE8EF1 /* CopyFiles */,
			);
			buildRules = (
			);
			dependencies = (
			);
			name = "함수";
			productName = "함수";
			productReference = 39E72A102705BC1700CE8EF1 /* 함수 */;
			productType = "com.apple.product-type.tool";
		};
		39F23F70270C6797008869A3 /* 1065 */ = {
			isa = PBXNativeTarget;
			buildConfigurationList = 39F23F77270C6797008869A3 /* Build configuration list for PBXNativeTarget "1065" */;
			buildPhases = (
				39F23F6D270C6797008869A3 /* Sources */,
				39F23F6E270C6797008869A3 /* Frameworks */,
				39F23F6F270C6797008869A3 /* CopyFiles */,
			);
			buildRules = (
			);
			dependencies = (
			);
			name = 1065;
			productName = 1065;
			productReference = 39F23F71270C6797008869A3 /* 1065 */;
			productType = "com.apple.product-type.tool";
		};
/* End PBXNativeTarget section */

/* Begin PBXProject section */
		39E72A082705BC1700CE8EF1 /* Project object */ = {
			isa = PBXProject;
			attributes = {
				LastUpgradeCheck = 1250;
				TargetAttributes = {
					3915AC192706AE87006EF48E = {
						CreatedOnToolsVersion = 12.5;
					};
					39E72A0F2705BC1700CE8EF1 = {
						CreatedOnToolsVersion = 12.5;
					};
					39F23F70270C6797008869A3 = {
						CreatedOnToolsVersion = 12.5;
					};
				};
			};
			buildConfigurationList = 39E72A0B2705BC1700CE8EF1 /* Build configuration list for PBXProject "함수" */;
			compatibilityVersion = "Xcode 9.3";
			developmentRegion = en;
			hasScannedForEncodings = 0;
			knownRegions = (
				en,
				Base,
			);
			mainGroup = 39E72A072705BC1700CE8EF1;
			productRefGroup = 39E72A112705BC1700CE8EF1 /* Products */;
			projectDirPath = "";
			projectRoot = "";
			targets = (
				39E72A0F2705BC1700CE8EF1 /* 함수 */,
				3915AC192706AE87006EF48E /* 4673 */,
				39F23F70270C6797008869A3 /* 1065 */,
			);
		};
/* End PBXProject section */

/* Begin PBXSourcesBuildPhase section */
		3915AC162706AE87006EF48E /* Sources */ = {
			isa = PBXSourcesBuildPhase;
			buildActionMask = 2147483647;
			files = (
				3915AC1D2706AE87006EF48E /* main.cpp in Sources */,
			);
			runOnlyForDeploymentPostprocessing = 0;
		};
		39E72A0C2705BC1700CE8EF1 /* Sources */ = {
			isa = PBXSourcesBuildPhase;
			buildActionMask = 2147483647;
			files = (
				39E72A142705BC1700CE8EF1 /* main.cpp in Sources */,
			);
			runOnlyForDeploymentPostprocessing = 0;
		};
		39F23F6D270C6797008869A3 /* Sources */ = {
			isa = PBXSourcesBuildPhase;
			buildActionMask = 2147483647;
			files = (
				39F23F74270C6797008869A3 /* main.cpp in Sources */,
			);
			runOnlyForDeploymentPostprocessing = 0;
		};
/* End PBXSourcesBuildPhase section */

/* Begin XCBuildConfiguration section */
		3915AC1E2706AE87006EF48E /* Debug */ = {
			isa = XCBuildConfiguration;
			buildSettings = {
				CODE_SIGN_STYLE = Automatic;
				DEVELOPMENT_TEAM = 43W9665GVK;
				ENABLE_HARDENED_RUNTIME = YES;
				PRODUCT_NAME = "$(TARGET_NAME)";
			};
			name = Debug;
		};
		3915AC1F2706AE87006EF48E /* Release */ = {
			isa = XCBuildConfiguration;
			buildSettings = {
				CODE_SIGN_STYLE = Automatic;
				DEVELOPMENT_TEAM = 43W9665GVK;
				ENABLE_HARDENED_RUNTIME = YES;
				PRODUCT_NAME = "$(TARGET_NAME)";
			};
			name = Release;
		};
		39E72A152705BC1700CE8EF1 /* Debug */ = {
			isa = XCBuildConfiguration;
			buildSettings = {
				ALWAYS_SEARCH_USER_PATHS = NO;
				CLANG_ANALYZER_NONNULL = YES;
				CLANG_ANALYZER_NUMBER_OBJECT_CONVERSION = YES_AGGRESSIVE;
				CLANG_CXX_LANGUAGE_STANDARD = "gnu++14";
				CLANG_CXX_LIBRARY = "libc++";
				CLANG_ENABLE_MODULES = YES;
				CLANG_ENABLE_OBJC_ARC = YES;
				CLANG_ENABLE_OBJC_WEAK = YES;
				CLANG_WARN_BLOCK_CAPTURE_AUTORELEASING = YES;
				CLANG_WARN_BOOL_CONVERSION = YES;
				CLANG_WARN_COMMA = YES;
				CLANG_WARN_CONSTANT_CONVERSION = YES;
				CLANG_WARN_DEPRECATED_OBJC_IMPLEMENTATIONS = YES;
				CLANG_WARN_DIRECT_OBJC_ISA_USAGE = YES_ERROR;
				CLANG_WARN_DOCUMENTATION_COMMENTS = YES;
				CLANG_WARN_EMPTY_BODY = YES;
				CLANG_WARN_ENUM_CONVERSION = YES;
				CLANG_WARN_INFINITE_RECURSION = YES;
				CLANG_WARN_INT_CONVERSION = YES;
				CLANG_WARN_NON_LITERAL_NULL_CONVERSION = YES;
				CLANG_WARN_OBJC_IMPLICIT_RETAIN_SELF = YES;
				CLANG_WARN_OBJC_LITERAL_CONVERSION = YES;
				CLANG_WARN_OBJC_ROOT_CLASS = YES_ERROR;
				CLANG_WARN_QUOTED_INCLUDE_IN_FRAMEWORK_HEADER = YES;
				CLANG_WARN_RANGE_LOOP_ANALYSIS = YES;
				CLANG_WARN_STRICT_PROTOTYPES = YES;
				CLANG_WARN_SUSPICIOUS_MOVE = YES;
				CLANG_WARN_UNGUARDED_AVAILABILITY = YES_AGGRESSIVE;
				CLANG_WARN_UNREACHABLE_CODE = YES;
				CLANG_WARN__DUPLICATE_METHOD_MATCH = YES;
				COPY_PHASE_STRIP = NO;
				DEBUG_INFORMATION_FORMAT = dwarf;
				ENABLE_STRICT_OBJC_MSGSEND = YES;
				ENABLE_TESTABILITY = YES;
				GCC_C_LANGUAGE_STANDARD = gnu11;
				GCC_DYNAMIC_NO_PIC = NO;
				GCC_NO_COMMON_BLOCKS = YES;
				GCC_OPTIMIZATION_LEVEL = 0;
				GCC_PREPROCESSOR_DEFINITIONS = (
					"DEBUG=1",
					"$(inherited)",
				);
				GCC_WARN_64_TO_32_BIT_CONVERSION = YES;
				GCC_WARN_ABOUT_RETURN_TYPE = YES_ERROR;
				GCC_WARN_UNDECLARED_SELECTOR = YES;
				GCC_WARN_UNINITIALIZED_AUTOS = YES_AGGRESSIVE;
				GCC_WARN_UNUSED_FUNCTION = YES;
				GCC_WARN_UNUSED_VARIABLE = YES;
				MACOSX_DEPLOYMENT_TARGET = 11.3;
				MTL_ENABLE_DEBUG_INFO = INCLUDE_SOURCE;
				MTL_FAST_MATH = YES;
				ONLY_ACTIVE_ARCH = YES;
				SDKROOT = macosx;
			};
			name = Debug;
		};
		39E72A162705BC1700CE8EF1 /* Release */ = {
			isa = XCBuildConfiguration;
			buildSettings = {
				ALWAYS_SEARCH_USER_PATHS = NO;
				CLANG_ANALYZER_NONNULL = YES;
				CLANG_ANALYZER_NUMBER_OBJECT_CONVERSION = YES_AGGRESSIVE;
				CLANG_CXX_LANGUAGE_STANDARD = "gnu++14";
				CLANG_CXX_LIBRARY = "libc++";
				CLANG_ENABLE_MODULES = YES;
				CLANG_ENABLE_OBJC_ARC = YES;
				CLANG_ENABLE_OBJC_WEAK = YES;
				CLANG_WARN_BLOCK_CAPTURE_AUTORELEASING = YES;
				CLANG_WARN_BOOL_CONVERSION = YES;
				CLANG_WARN_COMMA = YES;
				CLANG_WARN_CONSTANT_CONVERSION = YES;
				CLANG_WARN_DEPRECATED_OBJC_IMPLEMENTATIONS = YES;
				CLANG_WARN_DIRECT_OBJC_ISA_USAGE = YES_ERROR;
				CLANG_WARN_DOCUMENTATION_COMMENTS = YES;
				CLANG_WARN_EMPTY_BODY = YES;
				CLANG_WARN_ENUM_CONVERSION = YES;
				CLANG_WARN_INFINITE_RECURSION = YES;
				CLANG_WARN_INT_CONVERSION = YES;
				CLANG_WARN_NON_LITERAL_NULL_CONVERSION = YES;
				CLANG_WARN_OBJC_IMPLICIT_RETAIN_SELF = YES;
				CLANG_WARN_OBJC_LITERAL_CONVERSION = YES;
				CLANG_WARN_OBJC_ROOT_CLASS = YES_ERROR;
				CLANG_WARN_QUOTED_INCLUDE_IN_FRAMEWORK_HEADER = YES;
				CLANG_WARN_RANGE_LOOP_ANALYSIS = YES;
				CLANG_WARN_STRICT_PROTOTYPES = YES;
				CLANG_WARN_SUSPICIOUS_MOVE = YES;
				CLANG_WARN_UNGUARDED_AVAILABILITY = YES_AGGRESSIVE;
				CLANG_WARN_UNREACHABLE_CODE = YES;
				CLANG_WARN__DUPLICATE_METHOD_MATCH = YES;
				COPY_PHASE_STRIP = NO;
				DEBUG_INFORMATION_FORMAT = "dwarf-with-dsym";
				ENABLE_NS_ASSERTIONS = NO;
				ENABLE_STRICT_OBJC_MSGSEND = YES;
				GCC_C_LANGUAGE_STANDARD = gnu11;
				GCC_NO_COMMON_BLOCKS = YES;
				GCC_WARN_64_TO_32_BIT_CONVERSION = YES;
				GCC_WARN_ABOUT_RETURN_TYPE = YES_ERROR;
				GCC_WARN_UNDECLARED_SELECTOR = YES;
				GCC_WARN_UNINITIALIZED_AUTOS = YES_AGGRESSIVE;
				GCC_WARN_UNUSED_FUNCTION = YES;
				GCC_WARN_UNUSED_VARIABLE = YES;
				MACOSX_DEPLOYMENT_TARGET = 11.3;
				MTL_ENABLE_DEBUG_INFO = NO;
				MTL_FAST_MATH = YES;
				SDKROOT = macosx;
			};
			name = Release;
		};
		39E72A182705BC1700CE8EF1 /* Debug */ = {
			isa = XCBuildConfiguration;
			buildSettings = {
				CODE_SIGN_STYLE = Automatic;
				DEVELOPMENT_TEAM = 43W9665GVK;
				ENABLE_HARDENED_RUNTIME = YES;
				PRODUCT_NAME = "$(TARGET_NAME)";
			};
			name = Debug;
		};
		39E72A192705BC1700CE8EF1 /* Release */ = {
			isa = XCBuildConfiguration;
			buildSettings = {
				CODE_SIGN_STYLE = Automatic;
				DEVELOPMENT_TEAM = 43W9665GVK;
				ENABLE_HARDENED_RUNTIME = YES;
				PRODUCT_NAME = "$(TARGET_NAME)";
			};
			name = Release;
		};
		39F23F75270C6797008869A3 /* Debug */ = {
			isa = XCBuildConfiguration;
			buildSettings = {
				CODE_SIGN_STYLE = Automatic;
				DEVELOPMENT_TEAM = 43W9665GVK;
				ENABLE_HARDENED_RUNTIME = YES;
				PRODUCT_NAME = "$(TARGET_NAME)";
			};
			name = Debug;
		};
		39F23F76270C6797008869A3 /* Release */ = {
			isa = XCBuildConfiguration;
			buildSettings = {
				CODE_SIGN_STYLE = Automatic;
				DEVELOPMENT_TEAM = 43W9665GVK;
				ENABLE_HARDENED_RUNTIME = YES;
				PRODUCT_NAME = "$(TARGET_NAME)";
			};
			name = Release;
		};
/* End XCBuildConfiguration section */

/* Begin XCConfigurationList section */
		3915AC202706AE87006EF48E /* Build configuration list for PBXNativeTarget "4673" */ = {
			isa = XCConfigurationList;
			buildConfigurations = (
				3915AC1E2706AE87006EF48E /* Debug */,
				3915AC1F2706AE87006EF48E /* Release */,
			);
			defaultConfigurationIsVisible = 0;
			defaultConfigurationName = Release;
		};
		39E72A0B2705BC1700CE8EF1 /* Build configuration list for PBXProject "함수" */ = {
			isa = XCConfigurationList;
			buildConfigurations = (
				39E72A152705BC1700CE8EF1 /* Debug */,
				39E72A162705BC1700CE8EF1 /* Release */,
			);
			defaultConfigurationIsVisible = 0;
			defaultConfigurationName = Release;
		};
		39E72A172705BC1700CE8EF1 /* Build configuration list for PBXNativeTarget "함수" */ = {
			isa = XCConfigurationList;
			buildConfigurations = (
				39E72A182705BC1700CE8EF1 /* Debug */,
				39E72A192705BC1700CE8EF1 /* Release */,
			);
			defaultConfigurationIsVisible = 0;
			defaultConfigurationName = Release;
		};
		39F23F77270C6797008869A3 /* Build configuration list for PBXNativeTarget "1065" */ = {
			isa = XCConfigurationList;
			buildConfigurations = (
				39F23F75270C6797008869A3 /* Debug */,
				39F23F76270C6797008869A3 /* Release */,
			);
			defaultConfigurationIsVisible = 0;
			defaultConfigurationName = Release;
		};
/* End XCConfigurationList section */
	};
	rootObject = 39E72A082705BC1700CE8EF1 /* Project object */;
}
