// !$*UTF8*$!
{
	archiveVersion = 1;
	classes = {
	};
	objectVersion = 50;
	objects = {

/* Begin PBXBuildFile section */
		390E96042737A9C70074FED2 /* main.cpp in Sources */ = {isa = PBXBuildFile; fileRef = 390E96032737A9C70074FED2 /* main.cpp */; };
		391EABED2741551300C0E04C /* main.cpp in Sources */ = {isa = PBXBuildFile; fileRef = 391EABEC2741551300C0E04C /* main.cpp */; };
		3948418D273CCDE900E80CD6 /* main.cpp in Sources */ = {isa = PBXBuildFile; fileRef = 3948418C273CCDE900E80CD6 /* main.cpp */; };
		39B3F006273A85F6006365D9 /* main.cpp in Sources */ = {isa = PBXBuildFile; fileRef = 39B3F005273A85F6006365D9 /* main.cpp */; };
		39D870172736CB5000704EBA /* main.cpp in Sources */ = {isa = PBXBuildFile; fileRef = 39D870162736CB5000704EBA /* main.cpp */; };
		39F69FC927425AAB008785D6 /* main.cpp in Sources */ = {isa = PBXBuildFile; fileRef = 39F69FC827425AAB008785D6 /* main.cpp */; };
/* End PBXBuildFile section */

/* Begin PBXCopyFilesBuildPhase section */
		390E95FF2737A9C70074FED2 /* CopyFiles */ = {
			isa = PBXCopyFilesBuildPhase;
			buildActionMask = 2147483647;
			dstPath = /usr/share/man/man1/;
			dstSubfolderSpec = 0;
			files = (
			);
			runOnlyForDeploymentPostprocessing = 1;
		};
		391EABE82741551300C0E04C /* CopyFiles */ = {
			isa = PBXCopyFilesBuildPhase;
			buildActionMask = 2147483647;
			dstPath = /usr/share/man/man1/;
			dstSubfolderSpec = 0;
			files = (
			);
			runOnlyForDeploymentPostprocessing = 1;
		};
		39484188273CCDE900E80CD6 /* CopyFiles */ = {
			isa = PBXCopyFilesBuildPhase;
			buildActionMask = 2147483647;
			dstPath = /usr/share/man/man1/;
			dstSubfolderSpec = 0;
			files = (
			);
			runOnlyForDeploymentPostprocessing = 1;
		};
		39B3F001273A85F6006365D9 /* CopyFiles */ = {
			isa = PBXCopyFilesBuildPhase;
			buildActionMask = 2147483647;
			dstPath = /usr/share/man/man1/;
			dstSubfolderSpec = 0;
			files = (
			);
			runOnlyForDeploymentPostprocessing = 1;
		};
		39D870112736CB5000704EBA /* CopyFiles */ = {
			isa = PBXCopyFilesBuildPhase;
			buildActionMask = 2147483647;
			dstPath = /usr/share/man/man1/;
			dstSubfolderSpec = 0;
			files = (
			);
			runOnlyForDeploymentPostprocessing = 1;
		};
		39F69FC427425AAB008785D6 /* CopyFiles */ = {
			isa = PBXCopyFilesBuildPhase;
			buildActionMask = 2147483647;
			dstPath = /usr/share/man/man1/;
			dstSubfolderSpec = 0;
			files = (
			);
			runOnlyForDeploymentPostprocessing = 1;
		};
/* End PBXCopyFilesBuildPhase section */

/* Begin PBXFileReference section */
		390E96012737A9C70074FED2 /* 2751 */ = {isa = PBXFileReference; explicitFileType = "compiled.mach-o.executable"; includeInIndex = 0; path = 2751; sourceTree = BUILT_PRODUCTS_DIR; };
		390E96032737A9C70074FED2 /* main.cpp */ = {isa = PBXFileReference; lastKnownFileType = sourcecode.cpp.cpp; path = main.cpp; sourceTree = "<group>"; };
		391EABEA2741551300C0E04C /* 1427 */ = {isa = PBXFileReference; explicitFileType = "compiled.mach-o.executable"; includeInIndex = 0; path = 1427; sourceTree = BUILT_PRODUCTS_DIR; };
		391EABEC2741551300C0E04C /* main.cpp */ = {isa = PBXFileReference; lastKnownFileType = sourcecode.cpp.cpp; path = main.cpp; sourceTree = "<group>"; };
		3948418A273CCDE900E80CD6 /* 2108 */ = {isa = PBXFileReference; explicitFileType = "compiled.mach-o.executable"; includeInIndex = 0; path = 2108; sourceTree = BUILT_PRODUCTS_DIR; };
		3948418C273CCDE900E80CD6 /* main.cpp */ = {isa = PBXFileReference; lastKnownFileType = sourcecode.cpp.cpp; path = main.cpp; sourceTree = "<group>"; };
		39B3F003273A85F6006365D9 /* 10989 */ = {isa = PBXFileReference; explicitFileType = "compiled.mach-o.executable"; includeInIndex = 0; path = 10989; sourceTree = BUILT_PRODUCTS_DIR; };
		39B3F005273A85F6006365D9 /* main.cpp */ = {isa = PBXFileReference; lastKnownFileType = sourcecode.cpp.cpp; path = main.cpp; sourceTree = "<group>"; };
		39D870132736CB5000704EBA /* 정렬 */ = {isa = PBXFileReference; explicitFileType = "compiled.mach-o.executable"; includeInIndex = 0; path = "정렬"; sourceTree = BUILT_PRODUCTS_DIR; };
		39D870162736CB5000704EBA /* main.cpp */ = {isa = PBXFileReference; lastKnownFileType = sourcecode.cpp.cpp; path = main.cpp; sourceTree = "<group>"; };
		39F69FC627425AAB008785D6 /* 11650 */ = {isa = PBXFileReference; explicitFileType = "compiled.mach-o.executable"; includeInIndex = 0; path = 11650; sourceTree = BUILT_PRODUCTS_DIR; };
		39F69FC827425AAB008785D6 /* main.cpp */ = {isa = PBXFileReference; lastKnownFileType = sourcecode.cpp.cpp; path = main.cpp; sourceTree = "<group>"; };
/* End PBXFileReference section */

/* Begin PBXFrameworksBuildPhase section */
		390E95FE2737A9C70074FED2 /* Frameworks */ = {
			isa = PBXFrameworksBuildPhase;
			buildActionMask = 2147483647;
			files = (
			);
			runOnlyForDeploymentPostprocessing = 0;
		};
		391EABE72741551300C0E04C /* Frameworks */ = {
			isa = PBXFrameworksBuildPhase;
			buildActionMask = 2147483647;
			files = (
			);
			runOnlyForDeploymentPostprocessing = 0;
		};
		39484187273CCDE900E80CD6 /* Frameworks */ = {
			isa = PBXFrameworksBuildPhase;
			buildActionMask = 2147483647;
			files = (
			);
			runOnlyForDeploymentPostprocessing = 0;
		};
		39B3F000273A85F6006365D9 /* Frameworks */ = {
			isa = PBXFrameworksBuildPhase;
			buildActionMask = 2147483647;
			files = (
			);
			runOnlyForDeploymentPostprocessing = 0;
		};
		39D870102736CB5000704EBA /* Frameworks */ = {
			isa = PBXFrameworksBuildPhase;
			buildActionMask = 2147483647;
			files = (
			);
			runOnlyForDeploymentPostprocessing = 0;
		};
		39F69FC327425AAB008785D6 /* Frameworks */ = {
			isa = PBXFrameworksBuildPhase;
			buildActionMask = 2147483647;
			files = (
			);
			runOnlyForDeploymentPostprocessing = 0;
		};
/* End PBXFrameworksBuildPhase section */

/* Begin PBXGroup section */
		390E96022737A9C70074FED2 /* 2751 */ = {
			isa = PBXGroup;
			children = (
				390E96032737A9C70074FED2 /* main.cpp */,
			);
			path = 2751;
			sourceTree = "<group>";
		};
		391EABEB2741551300C0E04C /* 1427 */ = {
			isa = PBXGroup;
			children = (
				391EABEC2741551300C0E04C /* main.cpp */,
			);
			path = 1427;
			sourceTree = "<group>";
		};
		3948418B273CCDE900E80CD6 /* 2108 */ = {
			isa = PBXGroup;
			children = (
				3948418C273CCDE900E80CD6 /* main.cpp */,
			);
			path = 2108;
			sourceTree = "<group>";
		};
		39B3F004273A85F6006365D9 /* 10989 */ = {
			isa = PBXGroup;
			children = (
				39B3F005273A85F6006365D9 /* main.cpp */,
			);
			path = 10989;
			sourceTree = "<group>";
		};
		39D8700A2736CB5000704EBA = {
			isa = PBXGroup;
			children = (
				39D870152736CB5000704EBA /* 2750 */,
				390E96022737A9C70074FED2 /* 2751 */,
				39B3F004273A85F6006365D9 /* 10989 */,
				3948418B273CCDE900E80CD6 /* 2108 */,
				391EABEB2741551300C0E04C /* 1427 */,
				39F69FC727425AAB008785D6 /* 11650 */,
				39D870142736CB5000704EBA /* Products */,
			);
			sourceTree = "<group>";
		};
		39D870142736CB5000704EBA /* Products */ = {
			isa = PBXGroup;
			children = (
				39D870132736CB5000704EBA /* 정렬 */,
				390E96012737A9C70074FED2 /* 2751 */,
				39B3F003273A85F6006365D9 /* 10989 */,
				3948418A273CCDE900E80CD6 /* 2108 */,
				391EABEA2741551300C0E04C /* 1427 */,
				39F69FC627425AAB008785D6 /* 11650 */,
			);
			name = Products;
			sourceTree = "<group>";
		};
		39D870152736CB5000704EBA /* 2750 */ = {
			isa = PBXGroup;
			children = (
				39D870162736CB5000704EBA /* main.cpp */,
			);
			path = 2750;
			sourceTree = "<group>";
		};
		39F69FC727425AAB008785D6 /* 11650 */ = {
			isa = PBXGroup;
			children = (
				39F69FC827425AAB008785D6 /* main.cpp */,
			);
			path = 11650;
			sourceTree = "<group>";
		};
/* End PBXGroup section */

/* Begin PBXNativeTarget section */
		390E96002737A9C70074FED2 /* 2751 */ = {
			isa = PBXNativeTarget;
			buildConfigurationList = 390E96052737A9C70074FED2 /* Build configuration list for PBXNativeTarget "2751" */;
			buildPhases = (
				390E95FD2737A9C70074FED2 /* Sources */,
				390E95FE2737A9C70074FED2 /* Frameworks */,
				390E95FF2737A9C70074FED2 /* CopyFiles */,
			);
			buildRules = (
			);
			dependencies = (
			);
			name = 2751;
			productName = 2751;
			productReference = 390E96012737A9C70074FED2 /* 2751 */;
			productType = "com.apple.product-type.tool";
		};
		391EABE92741551300C0E04C /* 1427 */ = {
			isa = PBXNativeTarget;
			buildConfigurationList = 391EABF02741551300C0E04C /* Build configuration list for PBXNativeTarget "1427" */;
			buildPhases = (
				391EABE62741551300C0E04C /* Sources */,
				391EABE72741551300C0E04C /* Frameworks */,
				391EABE82741551300C0E04C /* CopyFiles */,
			);
			buildRules = (
			);
			dependencies = (
			);
			name = 1427;
			productName = 1427;
			productReference = 391EABEA2741551300C0E04C /* 1427 */;
			productType = "com.apple.product-type.tool";
		};
		39484189273CCDE900E80CD6 /* 2108 */ = {
			isa = PBXNativeTarget;
			buildConfigurationList = 39484190273CCDE900E80CD6 /* Build configuration list for PBXNativeTarget "2108" */;
			buildPhases = (
				39484186273CCDE900E80CD6 /* Sources */,
				39484187273CCDE900E80CD6 /* Frameworks */,
				39484188273CCDE900E80CD6 /* CopyFiles */,
			);
			buildRules = (
			);
			dependencies = (
			);
			name = 2108;
			productName = 2108;
			productReference = 3948418A273CCDE900E80CD6 /* 2108 */;
			productType = "com.apple.product-type.tool";
		};
		39B3F002273A85F6006365D9 /* 10989 */ = {
			isa = PBXNativeTarget;
			buildConfigurationList = 39B3F009273A85F7006365D9 /* Build configuration list for PBXNativeTarget "10989" */;
			buildPhases = (
				39B3EFFF273A85F6006365D9 /* Sources */,
				39B3F000273A85F6006365D9 /* Frameworks */,
				39B3F001273A85F6006365D9 /* CopyFiles */,
			);
			buildRules = (
			);
			dependencies = (
			);
			name = 10989;
			productName = 10989;
			productReference = 39B3F003273A85F6006365D9 /* 10989 */;
			productType = "com.apple.product-type.tool";
		};
		39D870122736CB5000704EBA /* 정렬 */ = {
			isa = PBXNativeTarget;
			buildConfigurationList = 39D8701A2736CB5000704EBA /* Build configuration list for PBXNativeTarget "정렬" */;
			buildPhases = (
				39D8700F2736CB5000704EBA /* Sources */,
				39D870102736CB5000704EBA /* Frameworks */,
				39D870112736CB5000704EBA /* CopyFiles */,
			);
			buildRules = (
			);
			dependencies = (
			);
			name = "정렬";
			productName = "정렬";
			productReference = 39D870132736CB5000704EBA /* 정렬 */;
			productType = "com.apple.product-type.tool";
		};
		39F69FC527425AAB008785D6 /* 11650 */ = {
			isa = PBXNativeTarget;
			buildConfigurationList = 39F69FCC27425AAB008785D6 /* Build configuration list for PBXNativeTarget "11650" */;
			buildPhases = (
				39F69FC227425AAB008785D6 /* Sources */,
				39F69FC327425AAB008785D6 /* Frameworks */,
				39F69FC427425AAB008785D6 /* CopyFiles */,
			);
			buildRules = (
			);
			dependencies = (
			);
			name = 11650;
			productName = 11650;
			productReference = 39F69FC627425AAB008785D6 /* 11650 */;
			productType = "com.apple.product-type.tool";
		};
/* End PBXNativeTarget section */

/* Begin PBXProject section */
		39D8700B2736CB5000704EBA /* Project object */ = {
			isa = PBXProject;
			attributes = {
				LastUpgradeCheck = 1250;
				TargetAttributes = {
					390E96002737A9C70074FED2 = {
						CreatedOnToolsVersion = 12.5;
					};
					391EABE92741551300C0E04C = {
						CreatedOnToolsVersion = 13.1;
					};
					39484189273CCDE900E80CD6 = {
						CreatedOnToolsVersion = 12.5;
					};
					39B3F002273A85F6006365D9 = {
						CreatedOnToolsVersion = 12.5;
					};
					39D870122736CB5000704EBA = {
						CreatedOnToolsVersion = 12.5;
					};
					39F69FC527425AAB008785D6 = {
						CreatedOnToolsVersion = 13.1;
					};
				};
			};
			buildConfigurationList = 39D8700E2736CB5000704EBA /* Build configuration list for PBXProject "정렬" */;
			compatibilityVersion = "Xcode 9.3";
			developmentRegion = en;
			hasScannedForEncodings = 0;
			knownRegions = (
				en,
				Base,
			);
			mainGroup = 39D8700A2736CB5000704EBA;
			productRefGroup = 39D870142736CB5000704EBA /* Products */;
			projectDirPath = "";
			projectRoot = "";
			targets = (
				39D870122736CB5000704EBA /* 정렬 */,
				390E96002737A9C70074FED2 /* 2751 */,
				39B3F002273A85F6006365D9 /* 10989 */,
				39484189273CCDE900E80CD6 /* 2108 */,
				391EABE92741551300C0E04C /* 1427 */,
				39F69FC527425AAB008785D6 /* 11650 */,
			);
		};
/* End PBXProject section */

/* Begin PBXSourcesBuildPhase section */
		390E95FD2737A9C70074FED2 /* Sources */ = {
			isa = PBXSourcesBuildPhase;
			buildActionMask = 2147483647;
			files = (
				390E96042737A9C70074FED2 /* main.cpp in Sources */,
			);
			runOnlyForDeploymentPostprocessing = 0;
		};
		391EABE62741551300C0E04C /* Sources */ = {
			isa = PBXSourcesBuildPhase;
			buildActionMask = 2147483647;
			files = (
				391EABED2741551300C0E04C /* main.cpp in Sources */,
			);
			runOnlyForDeploymentPostprocessing = 0;
		};
		39484186273CCDE900E80CD6 /* Sources */ = {
			isa = PBXSourcesBuildPhase;
			buildActionMask = 2147483647;
			files = (
				3948418D273CCDE900E80CD6 /* main.cpp in Sources */,
			);
			runOnlyForDeploymentPostprocessing = 0;
		};
		39B3EFFF273A85F6006365D9 /* Sources */ = {
			isa = PBXSourcesBuildPhase;
			buildActionMask = 2147483647;
			files = (
				39B3F006273A85F6006365D9 /* main.cpp in Sources */,
			);
			runOnlyForDeploymentPostprocessing = 0;
		};
		39D8700F2736CB5000704EBA /* Sources */ = {
			isa = PBXSourcesBuildPhase;
			buildActionMask = 2147483647;
			files = (
				39D870172736CB5000704EBA /* main.cpp in Sources */,
			);
			runOnlyForDeploymentPostprocessing = 0;
		};
		39F69FC227425AAB008785D6 /* Sources */ = {
			isa = PBXSourcesBuildPhase;
			buildActionMask = 2147483647;
			files = (
				39F69FC927425AAB008785D6 /* main.cpp in Sources */,
			);
			runOnlyForDeploymentPostprocessing = 0;
		};
/* End PBXSourcesBuildPhase section */

/* Begin XCBuildConfiguration section */
		390E96062737A9C70074FED2 /* Debug */ = {
			isa = XCBuildConfiguration;
			buildSettings = {
				CODE_SIGN_STYLE = Automatic;
				DEVELOPMENT_TEAM = 43W9665GVK;
				ENABLE_HARDENED_RUNTIME = YES;
				PRODUCT_NAME = "$(TARGET_NAME)";
			};
			name = Debug;
		};
		390E96072737A9C70074FED2 /* Release */ = {
			isa = XCBuildConfiguration;
			buildSettings = {
				CODE_SIGN_STYLE = Automatic;
				DEVELOPMENT_TEAM = 43W9665GVK;
				ENABLE_HARDENED_RUNTIME = YES;
				PRODUCT_NAME = "$(TARGET_NAME)";
			};
			name = Release;
		};
		391EABEE2741551300C0E04C /* Debug */ = {
			isa = XCBuildConfiguration;
			buildSettings = {
				CLANG_CXX_LANGUAGE_STANDARD = "gnu++17";
				CODE_SIGN_STYLE = Automatic;
				DEVELOPMENT_TEAM = 43W9665GVK;
				ENABLE_HARDENED_RUNTIME = YES;
				MACOSX_DEPLOYMENT_TARGET = 12.0;
				PRODUCT_NAME = "$(TARGET_NAME)";
			};
			name = Debug;
		};
		391EABEF2741551300C0E04C /* Release */ = {
			isa = XCBuildConfiguration;
			buildSettings = {
				CLANG_CXX_LANGUAGE_STANDARD = "gnu++17";
				CODE_SIGN_STYLE = Automatic;
				DEVELOPMENT_TEAM = 43W9665GVK;
				ENABLE_HARDENED_RUNTIME = YES;
				MACOSX_DEPLOYMENT_TARGET = 12.0;
				PRODUCT_NAME = "$(TARGET_NAME)";
			};
			name = Release;
		};
		3948418E273CCDE900E80CD6 /* Debug */ = {
			isa = XCBuildConfiguration;
			buildSettings = {
				CODE_SIGN_STYLE = Automatic;
				DEVELOPMENT_TEAM = 43W9665GVK;
				ENABLE_HARDENED_RUNTIME = YES;
				PRODUCT_NAME = "$(TARGET_NAME)";
			};
			name = Debug;
		};
		3948418F273CCDE900E80CD6 /* Release */ = {
			isa = XCBuildConfiguration;
			buildSettings = {
				CODE_SIGN_STYLE = Automatic;
				DEVELOPMENT_TEAM = 43W9665GVK;
				ENABLE_HARDENED_RUNTIME = YES;
				PRODUCT_NAME = "$(TARGET_NAME)";
			};
			name = Release;
		};
		39B3F007273A85F6006365D9 /* Debug */ = {
			isa = XCBuildConfiguration;
			buildSettings = {
				CODE_SIGN_STYLE = Automatic;
				DEVELOPMENT_TEAM = 43W9665GVK;
				ENABLE_HARDENED_RUNTIME = YES;
				PRODUCT_NAME = "$(TARGET_NAME)";
			};
			name = Debug;
		};
		39B3F008273A85F6006365D9 /* Release */ = {
			isa = XCBuildConfiguration;
			buildSettings = {
				CODE_SIGN_STYLE = Automatic;
				DEVELOPMENT_TEAM = 43W9665GVK;
				ENABLE_HARDENED_RUNTIME = YES;
				PRODUCT_NAME = "$(TARGET_NAME)";
			};
			name = Release;
		};
		39D870182736CB5000704EBA /* Debug */ = {
			isa = XCBuildConfiguration;
			buildSettings = {
				ALWAYS_SEARCH_USER_PATHS = NO;
				CLANG_ANALYZER_NONNULL = YES;
				CLANG_ANALYZER_NUMBER_OBJECT_CONVERSION = YES_AGGRESSIVE;
				CLANG_CXX_LANGUAGE_STANDARD = "gnu++14";
				CLANG_CXX_LIBRARY = "libc++";
				CLANG_ENABLE_MODULES = YES;
				CLANG_ENABLE_OBJC_ARC = YES;
				CLANG_ENABLE_OBJC_WEAK = YES;
				CLANG_WARN_BLOCK_CAPTURE_AUTORELEASING = YES;
				CLANG_WARN_BOOL_CONVERSION = YES;
				CLANG_WARN_COMMA = YES;
				CLANG_WARN_CONSTANT_CONVERSION = YES;
				CLANG_WARN_DEPRECATED_OBJC_IMPLEMENTATIONS = YES;
				CLANG_WARN_DIRECT_OBJC_ISA_USAGE = YES_ERROR;
				CLANG_WARN_DOCUMENTATION_COMMENTS = YES;
				CLANG_WARN_EMPTY_BODY = YES;
				CLANG_WARN_ENUM_CONVERSION = YES;
				CLANG_WARN_INFINITE_RECURSION = YES;
				CLANG_WARN_INT_CONVERSION = YES;
				CLANG_WARN_NON_LITERAL_NULL_CONVERSION = YES;
				CLANG_WARN_OBJC_IMPLICIT_RETAIN_SELF = YES;
				CLANG_WARN_OBJC_LITERAL_CONVERSION = YES;
				CLANG_WARN_OBJC_ROOT_CLASS = YES_ERROR;
				CLANG_WARN_QUOTED_INCLUDE_IN_FRAMEWORK_HEADER = YES;
				CLANG_WARN_RANGE_LOOP_ANALYSIS = YES;
				CLANG_WARN_STRICT_PROTOTYPES = YES;
				CLANG_WARN_SUSPICIOUS_MOVE = YES;
				CLANG_WARN_UNGUARDED_AVAILABILITY = YES_AGGRESSIVE;
				CLANG_WARN_UNREACHABLE_CODE = YES;
				CLANG_WARN__DUPLICATE_METHOD_MATCH = YES;
				COPY_PHASE_STRIP = NO;
				DEBUG_INFORMATION_FORMAT = dwarf;
				ENABLE_STRICT_OBJC_MSGSEND = YES;
				ENABLE_TESTABILITY = YES;
				GCC_C_LANGUAGE_STANDARD = gnu11;
				GCC_DYNAMIC_NO_PIC = NO;
				GCC_NO_COMMON_BLOCKS = YES;
				GCC_OPTIMIZATION_LEVEL = 0;
				GCC_PREPROCESSOR_DEFINITIONS = (
					"DEBUG=1",
					"$(inherited)",
				);
				GCC_WARN_64_TO_32_BIT_CONVERSION = YES;
				GCC_WARN_ABOUT_RETURN_TYPE = YES_ERROR;
				GCC_WARN_UNDECLARED_SELECTOR = YES;
				GCC_WARN_UNINITIALIZED_AUTOS = YES_AGGRESSIVE;
				GCC_WARN_UNUSED_FUNCTION = YES;
				GCC_WARN_UNUSED_VARIABLE = YES;
				MACOSX_DEPLOYMENT_TARGET = 11.3;
				MTL_ENABLE_DEBUG_INFO = INCLUDE_SOURCE;
				MTL_FAST_MATH = YES;
				ONLY_ACTIVE_ARCH = YES;
				SDKROOT = macosx;
			};
			name = Debug;
		};
		39D870192736CB5000704EBA /* Release */ = {
			isa = XCBuildConfiguration;
			buildSettings = {
				ALWAYS_SEARCH_USER_PATHS = NO;
				CLANG_ANALYZER_NONNULL = YES;
				CLANG_ANALYZER_NUMBER_OBJECT_CONVERSION = YES_AGGRESSIVE;
				CLANG_CXX_LANGUAGE_STANDARD = "gnu++14";
				CLANG_CXX_LIBRARY = "libc++";
				CLANG_ENABLE_MODULES = YES;
				CLANG_ENABLE_OBJC_ARC = YES;
				CLANG_ENABLE_OBJC_WEAK = YES;
				CLANG_WARN_BLOCK_CAPTURE_AUTORELEASING = YES;
				CLANG_WARN_BOOL_CONVERSION = YES;
				CLANG_WARN_COMMA = YES;
				CLANG_WARN_CONSTANT_CONVERSION = YES;
				CLANG_WARN_DEPRECATED_OBJC_IMPLEMENTATIONS = YES;
				CLANG_WARN_DIRECT_OBJC_ISA_USAGE = YES_ERROR;
				CLANG_WARN_DOCUMENTATION_COMMENTS = YES;
				CLANG_WARN_EMPTY_BODY = YES;
				CLANG_WARN_ENUM_CONVERSION = YES;
				CLANG_WARN_INFINITE_RECURSION = YES;
				CLANG_WARN_INT_CONVERSION = YES;
				CLANG_WARN_NON_LITERAL_NULL_CONVERSION = YES;
				CLANG_WARN_OBJC_IMPLICIT_RETAIN_SELF = YES;
				CLANG_WARN_OBJC_LITERAL_CONVERSION = YES;
				CLANG_WARN_OBJC_ROOT_CLASS = YES_ERROR;
				CLANG_WARN_QUOTED_INCLUDE_IN_FRAMEWORK_HEADER = YES;
				CLANG_WARN_RANGE_LOOP_ANALYSIS = YES;
				CLANG_WARN_STRICT_PROTOTYPES = YES;
				CLANG_WARN_SUSPICIOUS_MOVE = YES;
				CLANG_WARN_UNGUARDED_AVAILABILITY = YES_AGGRESSIVE;
				CLANG_WARN_UNREACHABLE_CODE = YES;
				CLANG_WARN__DUPLICATE_METHOD_MATCH = YES;
				COPY_PHASE_STRIP = NO;
				DEBUG_INFORMATION_FORMAT = "dwarf-with-dsym";
				ENABLE_NS_ASSERTIONS = NO;
				ENABLE_STRICT_OBJC_MSGSEND = YES;
				GCC_C_LANGUAGE_STANDARD = gnu11;
				GCC_NO_COMMON_BLOCKS = YES;
				GCC_WARN_64_TO_32_BIT_CONVERSION = YES;
				GCC_WARN_ABOUT_RETURN_TYPE = YES_ERROR;
				GCC_WARN_UNDECLARED_SELECTOR = YES;
				GCC_WARN_UNINITIALIZED_AUTOS = YES_AGGRESSIVE;
				GCC_WARN_UNUSED_FUNCTION = YES;
				GCC_WARN_UNUSED_VARIABLE = YES;
				MACOSX_DEPLOYMENT_TARGET = 11.3;
				MTL_ENABLE_DEBUG_INFO = NO;
				MTL_FAST_MATH = YES;
				SDKROOT = macosx;
			};
			name = Release;
		};
		39D8701B2736CB5000704EBA /* Debug */ = {
			isa = XCBuildConfiguration;
			buildSettings = {
				CODE_SIGN_STYLE = Automatic;
				DEVELOPMENT_TEAM = 43W9665GVK;
				ENABLE_HARDENED_RUNTIME = YES;
				PRODUCT_NAME = "$(TARGET_NAME)";
			};
			name = Debug;
		};
		39D8701C2736CB5000704EBA /* Release */ = {
			isa = XCBuildConfiguration;
			buildSettings = {
				CODE_SIGN_STYLE = Automatic;
				DEVELOPMENT_TEAM = 43W9665GVK;
				ENABLE_HARDENED_RUNTIME = YES;
				PRODUCT_NAME = "$(TARGET_NAME)";
			};
			name = Release;
		};
		39F69FCA27425AAB008785D6 /* Debug */ = {
			isa = XCBuildConfiguration;
			buildSettings = {
				CLANG_CXX_LANGUAGE_STANDARD = "gnu++17";
				CODE_SIGN_STYLE = Automatic;
				DEVELOPMENT_TEAM = 43W9665GVK;
				ENABLE_HARDENED_RUNTIME = YES;
				MACOSX_DEPLOYMENT_TARGET = 12.0;
				PRODUCT_NAME = "$(TARGET_NAME)";
			};
			name = Debug;
		};
		39F69FCB27425AAB008785D6 /* Release */ = {
			isa = XCBuildConfiguration;
			buildSettings = {
				CLANG_CXX_LANGUAGE_STANDARD = "gnu++17";
				CODE_SIGN_STYLE = Automatic;
				DEVELOPMENT_TEAM = 43W9665GVK;
				ENABLE_HARDENED_RUNTIME = YES;
				MACOSX_DEPLOYMENT_TARGET = 12.0;
				PRODUCT_NAME = "$(TARGET_NAME)";
			};
			name = Release;
		};
/* End XCBuildConfiguration section */

/* Begin XCConfigurationList section */
		390E96052737A9C70074FED2 /* Build configuration list for PBXNativeTarget "2751" */ = {
			isa = XCConfigurationList;
			buildConfigurations = (
				390E96062737A9C70074FED2 /* Debug */,
				390E96072737A9C70074FED2 /* Release */,
			);
			defaultConfigurationIsVisible = 0;
			defaultConfigurationName = Release;
		};
		391EABF02741551300C0E04C /* Build configuration list for PBXNativeTarget "1427" */ = {
			isa = XCConfigurationList;
			buildConfigurations = (
				391EABEE2741551300C0E04C /* Debug */,
				391EABEF2741551300C0E04C /* Release */,
			);
			defaultConfigurationIsVisible = 0;
			defaultConfigurationName = Release;
		};
		39484190273CCDE900E80CD6 /* Build configuration list for PBXNativeTarget "2108" */ = {
			isa = XCConfigurationList;
			buildConfigurations = (
				3948418E273CCDE900E80CD6 /* Debug */,
				3948418F273CCDE900E80CD6 /* Release */,
			);
			defaultConfigurationIsVisible = 0;
			defaultConfigurationName = Release;
		};
		39B3F009273A85F7006365D9 /* Build configuration list for PBXNativeTarget "10989" */ = {
			isa = XCConfigurationList;
			buildConfigurations = (
				39B3F007273A85F6006365D9 /* Debug */,
				39B3F008273A85F6006365D9 /* Release */,
			);
			defaultConfigurationIsVisible = 0;
			defaultConfigurationName = Release;
		};
		39D8700E2736CB5000704EBA /* Build configuration list for PBXProject "정렬" */ = {
			isa = XCConfigurationList;
			buildConfigurations = (
				39D870182736CB5000704EBA /* Debug */,
				39D870192736CB5000704EBA /* Release */,
			);
			defaultConfigurationIsVisible = 0;
			defaultConfigurationName = Release;
		};
		39D8701A2736CB5000704EBA /* Build configuration list for PBXNativeTarget "정렬" */ = {
			isa = XCConfigurationList;
			buildConfigurations = (
				39D8701B2736CB5000704EBA /* Debug */,
				39D8701C2736CB5000704EBA /* Release */,
			);
			defaultConfigurationIsVisible = 0;
			defaultConfigurationName = Release;
		};
		39F69FCC27425AAB008785D6 /* Build configuration list for PBXNativeTarget "11650" */ = {
			isa = XCConfigurationList;
			buildConfigurations = (
				39F69FCA27425AAB008785D6 /* Debug */,
				39F69FCB27425AAB008785D6 /* Release */,
			);
			defaultConfigurationIsVisible = 0;
			defaultConfigurationName = Release;
		};
/* End XCConfigurationList section */
	};
	rootObject = 39D8700B2736CB5000704EBA /* Project object */;
}
