// !$*UTF8*$!
{
	archiveVersion = 1;
	classes = {
	};
	objectVersion = 50;
	objects = {

/* Begin PBXBuildFile section */
		3912172D2730FBB1009FC8BF /* main.cpp in Sources */ = {isa = PBXBuildFile; fileRef = 3912172C2730FBB1009FC8BF /* main.cpp */; };
		392387B4273233360069A4AE /* main.cpp in Sources */ = {isa = PBXBuildFile; fileRef = 392387B3273233360069A4AE /* main.cpp */; };
		392387BF273237EA0069A4AE /* main.cpp in Sources */ = {isa = PBXBuildFile; fileRef = 392387BE273237EA0069A4AE /* main.cpp */; };
		392387CA273241D70069A4AE /* main.cpp in Sources */ = {isa = PBXBuildFile; fileRef = 392387C9273241D70069A4AE /* main.cpp */; };
		395B4EC62734E0A700BFAE0D /* main.cpp in Sources */ = {isa = PBXBuildFile; fileRef = 395B4EC52734E0A700BFAE0D /* main.cpp */; };
/* End PBXBuildFile section */

/* Begin PBXCopyFilesBuildPhase section */
		391217272730FBB1009FC8BF /* CopyFiles */ = {
			isa = PBXCopyFilesBuildPhase;
			buildActionMask = 2147483647;
			dstPath = /usr/share/man/man1/;
			dstSubfolderSpec = 0;
			files = (
			);
			runOnlyForDeploymentPostprocessing = 1;
		};
		392387AF273233360069A4AE /* CopyFiles */ = {
			isa = PBXCopyFilesBuildPhase;
			buildActionMask = 2147483647;
			dstPath = /usr/share/man/man1/;
			dstSubfolderSpec = 0;
			files = (
			);
			runOnlyForDeploymentPostprocessing = 1;
		};
		392387BA273237EA0069A4AE /* CopyFiles */ = {
			isa = PBXCopyFilesBuildPhase;
			buildActionMask = 2147483647;
			dstPath = /usr/share/man/man1/;
			dstSubfolderSpec = 0;
			files = (
			);
			runOnlyForDeploymentPostprocessing = 1;
		};
		392387C5273241D70069A4AE /* CopyFiles */ = {
			isa = PBXCopyFilesBuildPhase;
			buildActionMask = 2147483647;
			dstPath = /usr/share/man/man1/;
			dstSubfolderSpec = 0;
			files = (
			);
			runOnlyForDeploymentPostprocessing = 1;
		};
		395B4EC12734E0A700BFAE0D /* CopyFiles */ = {
			isa = PBXCopyFilesBuildPhase;
			buildActionMask = 2147483647;
			dstPath = /usr/share/man/man1/;
			dstSubfolderSpec = 0;
			files = (
			);
			runOnlyForDeploymentPostprocessing = 1;
		};
/* End PBXCopyFilesBuildPhase section */

/* Begin PBXFileReference section */
		391217292730FBB1009FC8BF /* 브루트 포스 */ = {isa = PBXFileReference; explicitFileType = "compiled.mach-o.executable"; includeInIndex = 0; path = "브루트 포스"; sourceTree = BUILT_PRODUCTS_DIR; };
		3912172C2730FBB1009FC8BF /* main.cpp */ = {isa = PBXFileReference; lastKnownFileType = sourcecode.cpp.cpp; path = main.cpp; sourceTree = "<group>"; };
		392387B1273233360069A4AE /* 2231 */ = {isa = PBXFileReference; explicitFileType = "compiled.mach-o.executable"; includeInIndex = 0; path = 2231; sourceTree = BUILT_PRODUCTS_DIR; };
		392387B3273233360069A4AE /* main.cpp */ = {isa = PBXFileReference; lastKnownFileType = sourcecode.cpp.cpp; path = main.cpp; sourceTree = "<group>"; };
		392387BC273237EA0069A4AE /* 7568 */ = {isa = PBXFileReference; explicitFileType = "compiled.mach-o.executable"; includeInIndex = 0; path = 7568; sourceTree = BUILT_PRODUCTS_DIR; };
		392387BE273237EA0069A4AE /* main.cpp */ = {isa = PBXFileReference; lastKnownFileType = sourcecode.cpp.cpp; path = main.cpp; sourceTree = "<group>"; };
		392387C7273241D70069A4AE /* 1018 */ = {isa = PBXFileReference; explicitFileType = "compiled.mach-o.executable"; includeInIndex = 0; path = 1018; sourceTree = BUILT_PRODUCTS_DIR; };
		392387C9273241D70069A4AE /* main.cpp */ = {isa = PBXFileReference; lastKnownFileType = sourcecode.cpp.cpp; path = main.cpp; sourceTree = "<group>"; };
		395B4EC32734E0A700BFAE0D /* 1436 */ = {isa = PBXFileReference; explicitFileType = "compiled.mach-o.executable"; includeInIndex = 0; path = 1436; sourceTree = BUILT_PRODUCTS_DIR; };
		395B4EC52734E0A700BFAE0D /* main.cpp */ = {isa = PBXFileReference; lastKnownFileType = sourcecode.cpp.cpp; path = main.cpp; sourceTree = "<group>"; };
/* End PBXFileReference section */

/* Begin PBXFrameworksBuildPhase section */
		391217262730FBB1009FC8BF /* Frameworks */ = {
			isa = PBXFrameworksBuildPhase;
			buildActionMask = 2147483647;
			files = (
			);
			runOnlyForDeploymentPostprocessing = 0;
		};
		392387AE273233360069A4AE /* Frameworks */ = {
			isa = PBXFrameworksBuildPhase;
			buildActionMask = 2147483647;
			files = (
			);
			runOnlyForDeploymentPostprocessing = 0;
		};
		392387B9273237EA0069A4AE /* Frameworks */ = {
			isa = PBXFrameworksBuildPhase;
			buildActionMask = 2147483647;
			files = (
			);
			runOnlyForDeploymentPostprocessing = 0;
		};
		392387C4273241D70069A4AE /* Frameworks */ = {
			isa = PBXFrameworksBuildPhase;
			buildActionMask = 2147483647;
			files = (
			);
			runOnlyForDeploymentPostprocessing = 0;
		};
		395B4EC02734E0A700BFAE0D /* Frameworks */ = {
			isa = PBXFrameworksBuildPhase;
			buildActionMask = 2147483647;
			files = (
			);
			runOnlyForDeploymentPostprocessing = 0;
		};
/* End PBXFrameworksBuildPhase section */

/* Begin PBXGroup section */
		391217202730FBB1009FC8BF = {
			isa = PBXGroup;
			children = (
				3912172B2730FBB1009FC8BF /* 2798 */,
				392387B2273233360069A4AE /* 2231 */,
				392387BD273237EA0069A4AE /* 7568 */,
				392387C8273241D70069A4AE /* 1018 */,
				395B4EC42734E0A700BFAE0D /* 1436 */,
				3912172A2730FBB1009FC8BF /* Products */,
			);
			sourceTree = "<group>";
		};
		3912172A2730FBB1009FC8BF /* Products */ = {
			isa = PBXGroup;
			children = (
				391217292730FBB1009FC8BF /* 브루트 포스 */,
				392387B1273233360069A4AE /* 2231 */,
				392387BC273237EA0069A4AE /* 7568 */,
				392387C7273241D70069A4AE /* 1018 */,
				395B4EC32734E0A700BFAE0D /* 1436 */,
			);
			name = Products;
			sourceTree = "<group>";
		};
		3912172B2730FBB1009FC8BF /* 2798 */ = {
			isa = PBXGroup;
			children = (
				3912172C2730FBB1009FC8BF /* main.cpp */,
			);
			name = 2798;
			path = "블랙잭";
			sourceTree = "<group>";
		};
		392387B2273233360069A4AE /* 2231 */ = {
			isa = PBXGroup;
			children = (
				392387B3273233360069A4AE /* main.cpp */,
			);
			path = 2231;
			sourceTree = "<group>";
		};
		392387BD273237EA0069A4AE /* 7568 */ = {
			isa = PBXGroup;
			children = (
				392387BE273237EA0069A4AE /* main.cpp */,
			);
			path = 7568;
			sourceTree = "<group>";
		};
		392387C8273241D70069A4AE /* 1018 */ = {
			isa = PBXGroup;
			children = (
				392387C9273241D70069A4AE /* main.cpp */,
			);
			path = 1018;
			sourceTree = "<group>";
		};
		395B4EC42734E0A700BFAE0D /* 1436 */ = {
			isa = PBXGroup;
			children = (
				395B4EC52734E0A700BFAE0D /* main.cpp */,
			);
			path = 1436;
			sourceTree = "<group>";
		};
/* End PBXGroup section */

/* Begin PBXNativeTarget section */
		391217282730FBB1009FC8BF /* 브루트 포스 */ = {
			isa = PBXNativeTarget;
			buildConfigurationList = 391217302730FBB1009FC8BF /* Build configuration list for PBXNativeTarget "브루트 포스" */;
			buildPhases = (
				391217252730FBB1009FC8BF /* Sources */,
				391217262730FBB1009FC8BF /* Frameworks */,
				391217272730FBB1009FC8BF /* CopyFiles */,
			);
			buildRules = (
			);
			dependencies = (
			);
			name = "브루트 포스";
			productName = "브루트 포스";
			productReference = 391217292730FBB1009FC8BF /* 브루트 포스 */;
			productType = "com.apple.product-type.tool";
		};
		392387B0273233360069A4AE /* 2231 */ = {
			isa = PBXNativeTarget;
			buildConfigurationList = 392387B7273233360069A4AE /* Build configuration list for PBXNativeTarget "2231" */;
			buildPhases = (
				392387AD273233360069A4AE /* Sources */,
				392387AE273233360069A4AE /* Frameworks */,
				392387AF273233360069A4AE /* CopyFiles */,
			);
			buildRules = (
			);
			dependencies = (
			);
			name = 2231;
			productName = 2231;
			productReference = 392387B1273233360069A4AE /* 2231 */;
			productType = "com.apple.product-type.tool";
		};
		392387BB273237EA0069A4AE /* 7568 */ = {
			isa = PBXNativeTarget;
			buildConfigurationList = 392387C0273237EA0069A4AE /* Build configuration list for PBXNativeTarget "7568" */;
			buildPhases = (
				392387B8273237EA0069A4AE /* Sources */,
				392387B9273237EA0069A4AE /* Frameworks */,
				392387BA273237EA0069A4AE /* CopyFiles */,
			);
			buildRules = (
			);
			dependencies = (
			);
			name = 7568;
			productName = 7568;
			productReference = 392387BC273237EA0069A4AE /* 7568 */;
			productType = "com.apple.product-type.tool";
		};
		392387C6273241D70069A4AE /* 1018 */ = {
			isa = PBXNativeTarget;
			buildConfigurationList = 392387CB273241D70069A4AE /* Build configuration list for PBXNativeTarget "1018" */;
			buildPhases = (
				392387C3273241D70069A4AE /* Sources */,
				392387C4273241D70069A4AE /* Frameworks */,
				392387C5273241D70069A4AE /* CopyFiles */,
			);
			buildRules = (
			);
			dependencies = (
			);
			name = 1018;
			productName = 1018;
			productReference = 392387C7273241D70069A4AE /* 1018 */;
			productType = "com.apple.product-type.tool";
		};
		395B4EC22734E0A700BFAE0D /* 1436 */ = {
			isa = PBXNativeTarget;
			buildConfigurationList = 395B4EC92734E0A700BFAE0D /* Build configuration list for PBXNativeTarget "1436" */;
			buildPhases = (
				395B4EBF2734E0A700BFAE0D /* Sources */,
				395B4EC02734E0A700BFAE0D /* Frameworks */,
				395B4EC12734E0A700BFAE0D /* CopyFiles */,
			);
			buildRules = (
			);
			dependencies = (
			);
			name = 1436;
			productName = 1436;
			productReference = 395B4EC32734E0A700BFAE0D /* 1436 */;
			productType = "com.apple.product-type.tool";
		};
/* End PBXNativeTarget section */

/* Begin PBXProject section */
		391217212730FBB1009FC8BF /* Project object */ = {
			isa = PBXProject;
			attributes = {
				LastUpgradeCheck = 1250;
				TargetAttributes = {
					391217282730FBB1009FC8BF = {
						CreatedOnToolsVersion = 12.5;
					};
					392387B0273233360069A4AE = {
						CreatedOnToolsVersion = 12.5;
					};
					392387BB273237EA0069A4AE = {
						CreatedOnToolsVersion = 12.5;
					};
					392387C6273241D70069A4AE = {
						CreatedOnToolsVersion = 12.5;
					};
					395B4EC22734E0A700BFAE0D = {
						CreatedOnToolsVersion = 12.5;
					};
				};
			};
			buildConfigurationList = 391217242730FBB1009FC8BF /* Build configuration list for PBXProject "브루트 포스" */;
			compatibilityVersion = "Xcode 9.3";
			developmentRegion = en;
			hasScannedForEncodings = 0;
			knownRegions = (
				en,
				Base,
			);
			mainGroup = 391217202730FBB1009FC8BF;
			productRefGroup = 3912172A2730FBB1009FC8BF /* Products */;
			projectDirPath = "";
			projectRoot = "";
			targets = (
				391217282730FBB1009FC8BF /* 브루트 포스 */,
				392387B0273233360069A4AE /* 2231 */,
				392387BB273237EA0069A4AE /* 7568 */,
				392387C6273241D70069A4AE /* 1018 */,
				395B4EC22734E0A700BFAE0D /* 1436 */,
			);
		};
/* End PBXProject section */

/* Begin PBXSourcesBuildPhase section */
		391217252730FBB1009FC8BF /* Sources */ = {
			isa = PBXSourcesBuildPhase;
			buildActionMask = 2147483647;
			files = (
				3912172D2730FBB1009FC8BF /* main.cpp in Sources */,
			);
			runOnlyForDeploymentPostprocessing = 0;
		};
		392387AD273233360069A4AE /* Sources */ = {
			isa = PBXSourcesBuildPhase;
			buildActionMask = 2147483647;
			files = (
				392387B4273233360069A4AE /* main.cpp in Sources */,
			);
			runOnlyForDeploymentPostprocessing = 0;
		};
		392387B8273237EA0069A4AE /* Sources */ = {
			isa = PBXSourcesBuildPhase;
			buildActionMask = 2147483647;
			files = (
				392387BF273237EA0069A4AE /* main.cpp in Sources */,
			);
			runOnlyForDeploymentPostprocessing = 0;
		};
		392387C3273241D70069A4AE /* Sources */ = {
			isa = PBXSourcesBuildPhase;
			buildActionMask = 2147483647;
			files = (
				392387CA273241D70069A4AE /* main.cpp in Sources */,
			);
			runOnlyForDeploymentPostprocessing = 0;
		};
		395B4EBF2734E0A700BFAE0D /* Sources */ = {
			isa = PBXSourcesBuildPhase;
			buildActionMask = 2147483647;
			files = (
				395B4EC62734E0A700BFAE0D /* main.cpp in Sources */,
			);
			runOnlyForDeploymentPostprocessing = 0;
		};
/* End PBXSourcesBuildPhase section */

/* Begin XCBuildConfiguration section */
		3912172E2730FBB1009FC8BF /* Debug */ = {
			isa = XCBuildConfiguration;
			buildSettings = {
				ALWAYS_SEARCH_USER_PATHS = NO;
				CLANG_ANALYZER_NONNULL = YES;
				CLANG_ANALYZER_NUMBER_OBJECT_CONVERSION = YES_AGGRESSIVE;
				CLANG_CXX_LANGUAGE_STANDARD = "gnu++14";
				CLANG_CXX_LIBRARY = "libc++";
				CLANG_ENABLE_MODULES = YES;
				CLANG_ENABLE_OBJC_ARC = YES;
				CLANG_ENABLE_OBJC_WEAK = YES;
				CLANG_WARN_BLOCK_CAPTURE_AUTORELEASING = YES;
				CLANG_WARN_BOOL_CONVERSION = YES;
				CLANG_WARN_COMMA = YES;
				CLANG_WARN_CONSTANT_CONVERSION = YES;
				CLANG_WARN_DEPRECATED_OBJC_IMPLEMENTATIONS = YES;
				CLANG_WARN_DIRECT_OBJC_ISA_USAGE = YES_ERROR;
				CLANG_WARN_DOCUMENTATION_COMMENTS = YES;
				CLANG_WARN_EMPTY_BODY = YES;
				CLANG_WARN_ENUM_CONVERSION = YES;
				CLANG_WARN_INFINITE_RECURSION = YES;
				CLANG_WARN_INT_CONVERSION = YES;
				CLANG_WARN_NON_LITERAL_NULL_CONVERSION = YES;
				CLANG_WARN_OBJC_IMPLICIT_RETAIN_SELF = YES;
				CLANG_WARN_OBJC_LITERAL_CONVERSION = YES;
				CLANG_WARN_OBJC_ROOT_CLASS = YES_ERROR;
				CLANG_WARN_QUOTED_INCLUDE_IN_FRAMEWORK_HEADER = YES;
				CLANG_WARN_RANGE_LOOP_ANALYSIS = YES;
				CLANG_WARN_STRICT_PROTOTYPES = YES;
				CLANG_WARN_SUSPICIOUS_MOVE = YES;
				CLANG_WARN_UNGUARDED_AVAILABILITY = YES_AGGRESSIVE;
				CLANG_WARN_UNREACHABLE_CODE = YES;
				CLANG_WARN__DUPLICATE_METHOD_MATCH = YES;
				COPY_PHASE_STRIP = NO;
				DEBUG_INFORMATION_FORMAT = dwarf;
				ENABLE_STRICT_OBJC_MSGSEND = YES;
				ENABLE_TESTABILITY = YES;
				GCC_C_LANGUAGE_STANDARD = gnu11;
				GCC_DYNAMIC_NO_PIC = NO;
				GCC_NO_COMMON_BLOCKS = YES;
				GCC_OPTIMIZATION_LEVEL = 0;
				GCC_PREPROCESSOR_DEFINITIONS = (
					"DEBUG=1",
					"$(inherited)",
				);
				GCC_WARN_64_TO_32_BIT_CONVERSION = YES;
				GCC_WARN_ABOUT_RETURN_TYPE = YES_ERROR;
				GCC_WARN_UNDECLARED_SELECTOR = YES;
				GCC_WARN_UNINITIALIZED_AUTOS = YES_AGGRESSIVE;
				GCC_WARN_UNUSED_FUNCTION = YES;
				GCC_WARN_UNUSED_VARIABLE = YES;
				MACOSX_DEPLOYMENT_TARGET = 11.3;
				MTL_ENABLE_DEBUG_INFO = INCLUDE_SOURCE;
				MTL_FAST_MATH = YES;
				ONLY_ACTIVE_ARCH = YES;
				SDKROOT = macosx;
			};
			name = Debug;
		};
		3912172F2730FBB1009FC8BF /* Release */ = {
			isa = XCBuildConfiguration;
			buildSettings = {
				ALWAYS_SEARCH_USER_PATHS = NO;
				CLANG_ANALYZER_NONNULL = YES;
				CLANG_ANALYZER_NUMBER_OBJECT_CONVERSION = YES_AGGRESSIVE;
				CLANG_CXX_LANGUAGE_STANDARD = "gnu++14";
				CLANG_CXX_LIBRARY = "libc++";
				CLANG_ENABLE_MODULES = YES;
				CLANG_ENABLE_OBJC_ARC = YES;
				CLANG_ENABLE_OBJC_WEAK = YES;
				CLANG_WARN_BLOCK_CAPTURE_AUTORELEASING = YES;
				CLANG_WARN_BOOL_CONVERSION = YES;
				CLANG_WARN_COMMA = YES;
				CLANG_WARN_CONSTANT_CONVERSION = YES;
				CLANG_WARN_DEPRECATED_OBJC_IMPLEMENTATIONS = YES;
				CLANG_WARN_DIRECT_OBJC_ISA_USAGE = YES_ERROR;
				CLANG_WARN_DOCUMENTATION_COMMENTS = YES;
				CLANG_WARN_EMPTY_BODY = YES;
				CLANG_WARN_ENUM_CONVERSION = YES;
				CLANG_WARN_INFINITE_RECURSION = YES;
				CLANG_WARN_INT_CONVERSION = YES;
				CLANG_WARN_NON_LITERAL_NULL_CONVERSION = YES;
				CLANG_WARN_OBJC_IMPLICIT_RETAIN_SELF = YES;
				CLANG_WARN_OBJC_LITERAL_CONVERSION = YES;
				CLANG_WARN_OBJC_ROOT_CLASS = YES_ERROR;
				CLANG_WARN_QUOTED_INCLUDE_IN_FRAMEWORK_HEADER = YES;
				CLANG_WARN_RANGE_LOOP_ANALYSIS = YES;
				CLANG_WARN_STRICT_PROTOTYPES = YES;
				CLANG_WARN_SUSPICIOUS_MOVE = YES;
				CLANG_WARN_UNGUARDED_AVAILABILITY = YES_AGGRESSIVE;
				CLANG_WARN_UNREACHABLE_CODE = YES;
				CLANG_WARN__DUPLICATE_METHOD_MATCH = YES;
				COPY_PHASE_STRIP = NO;
				DEBUG_INFORMATION_FORMAT = "dwarf-with-dsym";
				ENABLE_NS_ASSERTIONS = NO;
				ENABLE_STRICT_OBJC_MSGSEND = YES;
				GCC_C_LANGUAGE_STANDARD = gnu11;
				GCC_NO_COMMON_BLOCKS = YES;
				GCC_WARN_64_TO_32_BIT_CONVERSION = YES;
				GCC_WARN_ABOUT_RETURN_TYPE = YES_ERROR;
				GCC_WARN_UNDECLARED_SELECTOR = YES;
				GCC_WARN_UNINITIALIZED_AUTOS = YES_AGGRESSIVE;
				GCC_WARN_UNUSED_FUNCTION = YES;
				GCC_WARN_UNUSED_VARIABLE = YES;
				MACOSX_DEPLOYMENT_TARGET = 11.3;
				MTL_ENABLE_DEBUG_INFO = NO;
				MTL_FAST_MATH = YES;
				SDKROOT = macosx;
			};
			name = Release;
		};
		391217312730FBB1009FC8BF /* Debug */ = {
			isa = XCBuildConfiguration;
			buildSettings = {
				CODE_SIGN_STYLE = Automatic;
				DEVELOPMENT_TEAM = 43W9665GVK;
				ENABLE_HARDENED_RUNTIME = YES;
				PRODUCT_NAME = "$(TARGET_NAME)";
			};
			name = Debug;
		};
		391217322730FBB1009FC8BF /* Release */ = {
			isa = XCBuildConfiguration;
			buildSettings = {
				CODE_SIGN_STYLE = Automatic;
				DEVELOPMENT_TEAM = 43W9665GVK;
				ENABLE_HARDENED_RUNTIME = YES;
				PRODUCT_NAME = "$(TARGET_NAME)";
			};
			name = Release;
		};
		392387B5273233360069A4AE /* Debug */ = {
			isa = XCBuildConfiguration;
			buildSettings = {
				CODE_SIGN_STYLE = Automatic;
				DEVELOPMENT_TEAM = 43W9665GVK;
				ENABLE_HARDENED_RUNTIME = YES;
				PRODUCT_NAME = "$(TARGET_NAME)";
			};
			name = Debug;
		};
		392387B6273233360069A4AE /* Release */ = {
			isa = XCBuildConfiguration;
			buildSettings = {
				CODE_SIGN_STYLE = Automatic;
				DEVELOPMENT_TEAM = 43W9665GVK;
				ENABLE_HARDENED_RUNTIME = YES;
				PRODUCT_NAME = "$(TARGET_NAME)";
			};
			name = Release;
		};
		392387C1273237EA0069A4AE /* Debug */ = {
			isa = XCBuildConfiguration;
			buildSettings = {
				CODE_SIGN_STYLE = Automatic;
				DEVELOPMENT_TEAM = 43W9665GVK;
				ENABLE_HARDENED_RUNTIME = YES;
				PRODUCT_NAME = "$(TARGET_NAME)";
			};
			name = Debug;
		};
		392387C2273237EA0069A4AE /* Release */ = {
			isa = XCBuildConfiguration;
			buildSettings = {
				CODE_SIGN_STYLE = Automatic;
				DEVELOPMENT_TEAM = 43W9665GVK;
				ENABLE_HARDENED_RUNTIME = YES;
				PRODUCT_NAME = "$(TARGET_NAME)";
			};
			name = Release;
		};
		392387CC273241D70069A4AE /* Debug */ = {
			isa = XCBuildConfiguration;
			buildSettings = {
				CODE_SIGN_STYLE = Automatic;
				DEVELOPMENT_TEAM = 43W9665GVK;
				ENABLE_HARDENED_RUNTIME = YES;
				PRODUCT_NAME = "$(TARGET_NAME)";
			};
			name = Debug;
		};
		392387CD273241D70069A4AE /* Release */ = {
			isa = XCBuildConfiguration;
			buildSettings = {
				CODE_SIGN_STYLE = Automatic;
				DEVELOPMENT_TEAM = 43W9665GVK;
				ENABLE_HARDENED_RUNTIME = YES;
				PRODUCT_NAME = "$(TARGET_NAME)";
			};
			name = Release;
		};
		395B4EC72734E0A700BFAE0D /* Debug */ = {
			isa = XCBuildConfiguration;
			buildSettings = {
				CODE_SIGN_STYLE = Automatic;
				DEVELOPMENT_TEAM = 43W9665GVK;
				ENABLE_HARDENED_RUNTIME = YES;
				PRODUCT_NAME = "$(TARGET_NAME)";
			};
			name = Debug;
		};
		395B4EC82734E0A700BFAE0D /* Release */ = {
			isa = XCBuildConfiguration;
			buildSettings = {
				CODE_SIGN_STYLE = Automatic;
				DEVELOPMENT_TEAM = 43W9665GVK;
				ENABLE_HARDENED_RUNTIME = YES;
				PRODUCT_NAME = "$(TARGET_NAME)";
			};
			name = Release;
		};
/* End XCBuildConfiguration section */

/* Begin XCConfigurationList section */
		391217242730FBB1009FC8BF /* Build configuration list for PBXProject "브루트 포스" */ = {
			isa = XCConfigurationList;
			buildConfigurations = (
				3912172E2730FBB1009FC8BF /* Debug */,
				3912172F2730FBB1009FC8BF /* Release */,
			);
			defaultConfigurationIsVisible = 0;
			defaultConfigurationName = Release;
		};
		391217302730FBB1009FC8BF /* Build configuration list for PBXNativeTarget "브루트 포스" */ = {
			isa = XCConfigurationList;
			buildConfigurations = (
				391217312730FBB1009FC8BF /* Debug */,
				391217322730FBB1009FC8BF /* Release */,
			);
			defaultConfigurationIsVisible = 0;
			defaultConfigurationName = Release;
		};
		392387B7273233360069A4AE /* Build configuration list for PBXNativeTarget "2231" */ = {
			isa = XCConfigurationList;
			buildConfigurations = (
				392387B5273233360069A4AE /* Debug */,
				392387B6273233360069A4AE /* Release */,
			);
			defaultConfigurationIsVisible = 0;
			defaultConfigurationName = Release;
		};
		392387C0273237EA0069A4AE /* Build configuration list for PBXNativeTarget "7568" */ = {
			isa = XCConfigurationList;
			buildConfigurations = (
				392387C1273237EA0069A4AE /* Debug */,
				392387C2273237EA0069A4AE /* Release */,
			);
			defaultConfigurationIsVisible = 0;
			defaultConfigurationName = Release;
		};
		392387CB273241D70069A4AE /* Build configuration list for PBXNativeTarget "1018" */ = {
			isa = XCConfigurationList;
			buildConfigurations = (
				392387CC273241D70069A4AE /* Debug */,
				392387CD273241D70069A4AE /* Release */,
			);
			defaultConfigurationIsVisible = 0;
			defaultConfigurationName = Release;
		};
		395B4EC92734E0A700BFAE0D /* Build configuration list for PBXNativeTarget "1436" */ = {
			isa = XCConfigurationList;
			buildConfigurations = (
				395B4EC72734E0A700BFAE0D /* Debug */,
				395B4EC82734E0A700BFAE0D /* Release */,
			);
			defaultConfigurationIsVisible = 0;
			defaultConfigurationName = Release;
		};
/* End XCConfigurationList section */
	};
	rootObject = 391217212730FBB1009FC8BF /* Project object */;
}
